// !$*UTF8*$!
{
	archiveVersion = 1;
	classes = {
	};
	objectVersion = 50;
	objects = {

/* Begin PBXBuildFile section */
		657FFEAA21F7F9B80033D9E1 /* AppDelegate.swift in Sources */ = {isa = PBXBuildFile; fileRef = 657FFEA921F7F9B80033D9E1 /* AppDelegate.swift */; };
		657FFEAC21F7F9B80033D9E1 /* ViewController.swift in Sources */ = {isa = PBXBuildFile; fileRef = 657FFEAB21F7F9B80033D9E1 /* ViewController.swift */; };
		657FFEAF21F7F9B80033D9E1 /* Main.storyboard in Resources */ = {isa = PBXBuildFile; fileRef = 657FFEAD21F7F9B80033D9E1 /* Main.storyboard */; };
		657FFEB121F7F9B90033D9E1 /* Assets.xcassets in Resources */ = {isa = PBXBuildFile; fileRef = 657FFEB021F7F9B90033D9E1 /* Assets.xcassets */; };
		657FFEB421F7F9B90033D9E1 /* LaunchScreen.storyboard in Resources */ = {isa = PBXBuildFile; fileRef = 657FFEB221F7F9B90033D9E1 /* LaunchScreen.storyboard */; };
		A5DE4D6A2AF80F06F50DD155 /* Pods_GoogleLogin.framework in Frameworks */ = {isa = PBXBuildFile; fileRef = E962659CBEC718CD656021FA /* Pods_GoogleLogin.framework */; };
/* End PBXBuildFile section */

/* Begin PBXFileReference section */
		53E52180418F8AD9B5D6B35D /* Pods-GoogleLogin.release.xcconfig */ = {isa = PBXFileReference; includeInIndex = 1; lastKnownFileType = text.xcconfig; name = "Pods-GoogleLogin.release.xcconfig"; path = "Pods/Target Support Files/Pods-GoogleLogin/Pods-GoogleLogin.release.xcconfig"; sourceTree = "<group>"; };
		591A7ACA15C90DD3B3E4CB91 /* Pods-GoogleLogin.debug.xcconfig */ = {isa = PBXFileReference; includeInIndex = 1; lastKnownFileType = text.xcconfig; name = "Pods-GoogleLogin.debug.xcconfig"; path = "Pods/Target Support Files/Pods-GoogleLogin/Pods-GoogleLogin.debug.xcconfig"; sourceTree = "<group>"; };
		657FFEA621F7F9B80033D9E1 /* GoogleLogin.app */ = {isa = PBXFileReference; explicitFileType = wrapper.application; includeInIndex = 0; path = GoogleLogin.app; sourceTree = BUILT_PRODUCTS_DIR; };
		657FFEA921F7F9B80033D9E1 /* AppDelegate.swift */ = {isa = PBXFileReference; lastKnownFileType = sourcecode.swift; path = AppDelegate.swift; sourceTree = "<group>"; };
		657FFEAB21F7F9B80033D9E1 /* ViewController.swift */ = {isa = PBXFileReference; lastKnownFileType = sourcecode.swift; path = ViewController.swift; sourceTree = "<group>"; };
		657FFEAE21F7F9B80033D9E1 /* Base */ = {isa = PBXFileReference; lastKnownFileType = file.storyboard; name = Base; path = Base.lproj/Main.storyboard; sourceTree = "<group>"; };
		657FFEB021F7F9B90033D9E1 /* Assets.xcassets */ = {isa = PBXFileReference; lastKnownFileType = folder.assetcatalog; path = Assets.xcassets; sourceTree = "<group>"; };
		657FFEB321F7F9B90033D9E1 /* Base */ = {isa = PBXFileReference; lastKnownFileType = file.storyboard; name = Base; path = Base.lproj/LaunchScreen.storyboard; sourceTree = "<group>"; };
		657FFEB521F7F9B90033D9E1 /* Info.plist */ = {isa = PBXFileReference; lastKnownFileType = text.plist.xml; path = Info.plist; sourceTree = "<group>"; };
		E962659CBEC718CD656021FA /* Pods_GoogleLogin.framework */ = {isa = PBXFileReference; explicitFileType = wrapper.framework; includeInIndex = 0; path = Pods_GoogleLogin.framework; sourceTree = BUILT_PRODUCTS_DIR; };
/* End PBXFileReference section */

/* Begin PBXFrameworksBuildPhase section */
		657FFEA321F7F9B80033D9E1 /* Frameworks */ = {
			isa = PBXFrameworksBuildPhase;
			buildActionMask = 2147483647;
			files = (
				A5DE4D6A2AF80F06F50DD155 /* Pods_GoogleLogin.framework in Frameworks */,
			);
			runOnlyForDeploymentPostprocessing = 0;
		};
/* End PBXFrameworksBuildPhase section */

/* Begin PBXGroup section */
		1C43BA2FD94FB7B892A18F55 /* Pods */ = {
			isa = PBXGroup;
			children = (
				591A7ACA15C90DD3B3E4CB91 /* Pods-GoogleLogin.debug.xcconfig */,
				53E52180418F8AD9B5D6B35D /* Pods-GoogleLogin.release.xcconfig */,
			);
			name = Pods;
			sourceTree = "<group>";
		};
		6445CBF930A70144D7542FE5 /* Frameworks */ = {
			isa = PBXGroup;
			children = (
				E962659CBEC718CD656021FA /* Pods_GoogleLogin.framework */,
			);
			name = Frameworks;
			sourceTree = "<group>";
		};
		657FFE9D21F7F9B80033D9E1 = {
			isa = PBXGroup;
			children = (
				657FFEA821F7F9B80033D9E1 /* GoogleLogin */,
				657FFEA721F7F9B80033D9E1 /* Products */,
				1C43BA2FD94FB7B892A18F55 /* Pods */,
				6445CBF930A70144D7542FE5 /* Frameworks */,
			);
			sourceTree = "<group>";
		};
		657FFEA721F7F9B80033D9E1 /* Products */ = {
			isa = PBXGroup;
			children = (
				657FFEA621F7F9B80033D9E1 /* GoogleLogin.app */,
			);
			name = Products;
			sourceTree = "<group>";
		};
		657FFEA821F7F9B80033D9E1 /* GoogleLogin */ = {
			isa = PBXGroup;
			children = (
				657FFEA921F7F9B80033D9E1 /* AppDelegate.swift */,
				657FFEAB21F7F9B80033D9E1 /* ViewController.swift */,
				657FFEAD21F7F9B80033D9E1 /* Main.storyboard */,
				657FFEB021F7F9B90033D9E1 /* Assets.xcassets */,
				657FFEB221F7F9B90033D9E1 /* LaunchScreen.storyboard */,
				657FFEB521F7F9B90033D9E1 /* Info.plist */,
			);
			path = GoogleLogin;
			sourceTree = "<group>";
		};
/* End PBXGroup section */

/* Begin PBXNativeTarget section */
		657FFEA521F7F9B80033D9E1 /* GoogleLogin */ = {
			isa = PBXNativeTarget;
			buildConfigurationList = 657FFEB821F7F9B90033D9E1 /* Build configuration list for PBXNativeTarget "GoogleLogin" */;
			buildPhases = (
				4960F4268978775E500754FA /* [CP] Check Pods Manifest.lock */,
				657FFEA221F7F9B80033D9E1 /* Sources */,
				657FFEA321F7F9B80033D9E1 /* Frameworks */,
				657FFEA421F7F9B80033D9E1 /* Resources */,
				B70E694303A9910E3C52D4ED /* [CP] Embed Pods Frameworks */,
				50057055C1C2B806D8D2A727 /* [CP] Copy Pods Resources */,
			);
			buildRules = (
			);
			dependencies = (
			);
			name = GoogleLogin;
			productName = GoogleLogin;
			productReference = 657FFEA621F7F9B80033D9E1 /* GoogleLogin.app */;
			productType = "com.apple.product-type.application";
		};
/* End PBXNativeTarget section */

/* Begin PBXProject section */
		657FFE9E21F7F9B80033D9E1 /* Project object */ = {
			isa = PBXProject;
			attributes = {
				LastSwiftUpdateCheck = 1010;
				LastUpgradeCheck = 1010;
				ORGANIZATIONNAME = com.kakaotocs;
				TargetAttributes = {
					657FFEA521F7F9B80033D9E1 = {
						CreatedOnToolsVersion = 10.1;
					};
				};
			};
			buildConfigurationList = 657FFEA121F7F9B80033D9E1 /* Build configuration list for PBXProject "GoogleLogin" */;
			compatibilityVersion = "Xcode 9.3";
			developmentRegion = en;
			hasScannedForEncodings = 0;
			knownRegions = (
				en,
				Base,
			);
			mainGroup = 657FFE9D21F7F9B80033D9E1;
			productRefGroup = 657FFEA721F7F9B80033D9E1 /* Products */;
			projectDirPath = "";
			projectRoot = "";
			targets = (
				657FFEA521F7F9B80033D9E1 /* GoogleLogin */,
			);
		};
/* End PBXProject section */

/* Begin PBXResourcesBuildPhase section */
		657FFEA421F7F9B80033D9E1 /* Resources */ = {
			isa = PBXResourcesBuildPhase;
			buildActionMask = 2147483647;
			files = (
				657FFEB421F7F9B90033D9E1 /* LaunchScreen.storyboard in Resources */,
				657FFEB121F7F9B90033D9E1 /* Assets.xcassets in Resources */,
				657FFEAF21F7F9B80033D9E1 /* Main.storyboard in Resources */,
			);
			runOnlyForDeploymentPostprocessing = 0;
		};
/* End PBXResourcesBuildPhase section */

/* Begin PBXShellScriptBuildPhase section */
		4960F4268978775E500754FA /* [CP] Check Pods Manifest.lock */ = {
			isa = PBXShellScriptBuildPhase;
			buildActionMask = 2147483647;
			files = (
			);
			inputPaths = (
				"${PODS_PODFILE_DIR_PATH}/Podfile.lock",
				"${PODS_ROOT}/Manifest.lock",
			);
			name = "[CP] Check Pods Manifest.lock";
			outputPaths = (
				"$(DERIVED_FILE_DIR)/Pods-GoogleLogin-checkManifestLockResult.txt",
			);
			runOnlyForDeploymentPostprocessing = 0;
			shellPath = /bin/sh;
			shellScript = "diff \"${PODS_PODFILE_DIR_PATH}/Podfile.lock\" \"${PODS_ROOT}/Manifest.lock\" > /dev/null\nif [ $? != 0 ] ; then\n    # print error to STDERR\n    echo \"error: The sandbox is not in sync with the Podfile.lock. Run 'pod install' or update your CocoaPods installation.\" >&2\n    exit 1\nfi\n# This output is used by Xcode 'outputs' to avoid re-running this script phase.\necho \"SUCCESS\" > \"${SCRIPT_OUTPUT_FILE_0}\"\n";
			showEnvVarsInLog = 0;
		};
		50057055C1C2B806D8D2A727 /* [CP] Copy Pods Resources */ = {
			isa = PBXShellScriptBuildPhase;
			buildActionMask = 2147483647;
			files = (
			);
			inputPaths = (
				"${SRCROOT}/Pods/Target Support Files/Pods-GoogleLogin/Pods-GoogleLogin-resources.sh",
				"${PODS_ROOT}/GoogleSignIn/Resources/GoogleSignIn.bundle",
			);
			name = "[CP] Copy Pods Resources";
			outputPaths = (
				"${TARGET_BUILD_DIR}/${UNLOCALIZED_RESOURCES_FOLDER_PATH}/GoogleSignIn.bundle",
			);
			runOnlyForDeploymentPostprocessing = 0;
			shellPath = /bin/sh;
			shellScript = "\"${SRCROOT}/Pods/Target Support Files/Pods-GoogleLogin/Pods-GoogleLogin-resources.sh\"\n";
			showEnvVarsInLog = 0;
		};
		B70E694303A9910E3C52D4ED /* [CP] Embed Pods Frameworks */ = {
			isa = PBXShellScriptBuildPhase;
			buildActionMask = 2147483647;
			files = (
			);
			inputPaths = (
				"${SRCROOT}/Pods/Target Support Files/Pods-GoogleLogin/Pods-GoogleLogin-frameworks.sh",
				"${BUILT_PRODUCTS_DIR}/GTMSessionFetcher/GTMSessionFetcher.framework",
				"${BUILT_PRODUCTS_DIR}/GoogleToolboxForMac/GoogleToolboxForMac.framework",
			);
			name = "[CP] Embed Pods Frameworks";
			outputPaths = (
				"${TARGET_BUILD_DIR}/${FRAMEWORKS_FOLDER_PATH}/GTMSessionFetcher.framework",
				"${TARGET_BUILD_DIR}/${FRAMEWORKS_FOLDER_PATH}/GoogleToolboxForMac.framework",
			);
			runOnlyForDeploymentPostprocessing = 0;
			shellPath = /bin/sh;
			shellScript = "\"${SRCROOT}/Pods/Target Support Files/Pods-GoogleLogin/Pods-GoogleLogin-frameworks.sh\"\n";
			showEnvVarsInLog = 0;
		};
/* End PBXShellScriptBuildPhase section */

/* Begin PBXSourcesBuildPhase section */
		657FFEA221F7F9B80033D9E1 /* Sources */ = {
			isa = PBXSourcesBuildPhase;
			buildActionMask = 2147483647;
			files = (
				657FFEAC21F7F9B80033D9E1 /* ViewController.swift in Sources */,
				657FFEAA21F7F9B80033D9E1 /* AppDelegate.swift in Sources */,
			);
			runOnlyForDeploymentPostprocessing = 0;
		};
/* End PBXSourcesBuildPhase section */

/* Begin PBXVariantGroup section */
		657FFEAD21F7F9B80033D9E1 /* Main.storyboard */ = {
			isa = PBXVariantGroup;
			children = (
				657FFEAE21F7F9B80033D9E1 /* Base */,
			);
			name = Main.storyboard;
			sourceTree = "<group>";
		};
		657FFEB221F7F9B90033D9E1 /* LaunchScreen.storyboard */ = {
			isa = PBXVariantGroup;
			children = (
				657FFEB321F7F9B90033D9E1 /* Base */,
			);
			name = LaunchScreen.storyboard;
			sourceTree = "<group>";
		};
/* End PBXVariantGroup section */

/* Begin XCBuildConfiguration section */
		657FFEB621F7F9B90033D9E1 /* Debug */ = {
			isa = XCBuildConfiguration;
			buildSettings = {
				ALWAYS_SEARCH_USER_PATHS = NO;
				CLANG_ANALYZER_NONNULL = YES;
				CLANG_ANALYZER_NUMBER_OBJECT_CONVERSION = YES_AGGRESSIVE;
				CLANG_CXX_LANGUAGE_STANDARD = "gnu++14";
				CLANG_CXX_LIBRARY = "libc++";
				CLANG_ENABLE_MODULES = YES;
				CLANG_ENABLE_OBJC_ARC = YES;
				CLANG_ENABLE_OBJC_WEAK = YES;
				CLANG_WARN_BLOCK_CAPTURE_AUTORELEASING = YES;
				CLANG_WARN_BOOL_CONVERSION = YES;
				CLANG_WARN_COMMA = YES;
				CLANG_WARN_CONSTANT_CONVERSION = YES;
				CLANG_WARN_DEPRECATED_OBJC_IMPLEMENTATIONS = YES;
				CLANG_WARN_DIRECT_OBJC_ISA_USAGE = YES_ERROR;
				CLANG_WARN_DOCUMENTATION_COMMENTS = YES;
				CLANG_WARN_EMPTY_BODY = YES;
				CLANG_WARN_ENUM_CONVERSION = YES;
				CLANG_WARN_INFINITE_RECURSION = YES;
				CLANG_WARN_INT_CONVERSION = YES;
				CLANG_WARN_NON_LITERAL_NULL_CONVERSION = YES;
				CLANG_WARN_OBJC_IMPLICIT_RETAIN_SELF = YES;
				CLANG_WARN_OBJC_LITERAL_CONVERSION = YES;
				CLANG_WARN_OBJC_ROOT_CLASS = YES_ERROR;
				CLANG_WARN_RANGE_LOOP_ANALYSIS = YES;
				CLANG_WARN_STRICT_PROTOTYPES = YES;
				CLANG_WARN_SUSPICIOUS_MOVE = YES;
				CLANG_WARN_UNGUARDED_AVAILABILITY = YES_AGGRESSIVE;
				CLANG_WARN_UNREACHABLE_CODE = YES;
				CLANG_WARN__DUPLICATE_METHOD_MATCH = YES;
				CODE_SIGN_IDENTITY = "iPhone Developer";
				COPY_PHASE_STRIP = NO;
				DEBUG_INFORMATION_FORMAT = dwarf;
				ENABLE_STRICT_OBJC_MSGSEND = YES;
				ENABLE_TESTABILITY = YES;
				GCC_C_LANGUAGE_STANDARD = gnu11;
				GCC_DYNAMIC_NO_PIC = NO;
				GCC_NO_COMMON_BLOCKS = YES;
				GCC_OPTIMIZATION_LEVEL = 0;
				GCC_PREPROCESSOR_DEFINITIONS = (
					"DEBUG=1",
					"$(inherited)",
				);
				GCC_WARN_64_TO_32_BIT_CONVERSION = YES;
				GCC_WARN_ABOUT_RETURN_TYPE = YES_ERROR;
				GCC_WARN_UNDECLARED_SELECTOR = YES;
				GCC_WARN_UNINITIALIZED_AUTOS = YES_AGGRESSIVE;
				GCC_WARN_UNUSED_FUNCTION = YES;
				GCC_WARN_UNUSED_VARIABLE = YES;
				IPHONEOS_DEPLOYMENT_TARGET = 12.1;
				MTL_ENABLE_DEBUG_INFO = INCLUDE_SOURCE;
				MTL_FAST_MATH = YES;
				ONLY_ACTIVE_ARCH = YES;
				SDKROOT = iphoneos;
				SWIFT_ACTIVE_COMPILATION_CONDITIONS = DEBUG;
				SWIFT_OPTIMIZATION_LEVEL = "-Onone";
			};
			name = Debug;
		};
		657FFEB721F7F9B90033D9E1 /* Release */ = {
			isa = XCBuildConfiguration;
			buildSettings = {
				ALWAYS_SEARCH_USER_PATHS = NO;
				CLANG_ANALYZER_NONNULL = YES;
				CLANG_ANALYZER_NUMBER_OBJECT_CONVERSION = YES_AGGRESSIVE;
				CLANG_CXX_LANGUAGE_STANDARD = "gnu++14";
				CLANG_CXX_LIBRARY = "libc++";
				CLANG_ENABLE_MODULES = YES;
				CLANG_ENABLE_OBJC_ARC = YES;
				CLANG_ENABLE_OBJC_WEAK = YES;
				CLANG_WARN_BLOCK_CAPTURE_AUTORELEASING = YES;
				CLANG_WARN_BOOL_CONVERSION = YES;
				CLANG_WARN_COMMA = YES;
				CLANG_WARN_CONSTANT_CONVERSION = YES;
				CLANG_WARN_DEPRECATED_OBJC_IMPLEMENTATIONS = YES;
				CLANG_WARN_DIRECT_OBJC_ISA_USAGE = YES_ERROR;
				CLANG_WARN_DOCUMENTATION_COMMENTS = YES;
				CLANG_WARN_EMPTY_BODY = YES;
				CLANG_WARN_ENUM_CONVERSION = YES;
				CLANG_WARN_INFINITE_RECURSION = YES;
				CLANG_WARN_INT_CONVERSION = YES;
				CLANG_WARN_NON_LITERAL_NULL_CONVERSION = YES;
				CLANG_WARN_OBJC_IMPLICIT_RETAIN_SELF = YES;
				CLANG_WARN_OBJC_LITERAL_CONVERSION = YES;
				CLANG_WARN_OBJC_ROOT_CLASS = YES_ERROR;
				CLANG_WARN_RANGE_LOOP_ANALYSIS = YES;
				CLANG_WARN_STRICT_PROTOTYPES = YES;
				CLANG_WARN_SUSPICIOUS_MOVE = YES;
				CLANG_WARN_UNGUARDED_AVAILABILITY = YES_AGGRESSIVE;
				CLANG_WARN_UNREACHABLE_CODE = YES;
				CLANG_WARN__DUPLICATE_METHOD_MATCH = YES;
				CODE_SIGN_IDENTITY = "iPhone Developer";
				COPY_PHASE_STRIP = NO;
				DEBUG_INFORMATION_FORMAT = "dwarf-with-dsym";
				ENABLE_NS_ASSERTIONS = NO;
				ENABLE_STRICT_OBJC_MSGSEND = YES;
				GCC_C_LANGUAGE_STANDARD = gnu11;
				GCC_NO_COMMON_BLOCKS = YES;
				GCC_WARN_64_TO_32_BIT_CONVERSION = YES;
				GCC_WARN_ABOUT_RETURN_TYPE = YES_ERROR;
				GCC_WARN_UNDECLARED_SELECTOR = YES;
				GCC_WARN_UNINITIALIZED_AUTOS = YES_AGGRESSIVE;
				GCC_WARN_UNUSED_FUNCTION = YES;
				GCC_WARN_UNUSED_VARIABLE = YES;
				IPHONEOS_DEPLOYMENT_TARGET = 12.1;
				MTL_ENABLE_DEBUG_INFO = NO;
				MTL_FAST_MATH = YES;
				SDKROOT = iphoneos;
				SWIFT_COMPILATION_MODE = wholemodule;
				SWIFT_OPTIMIZATION_LEVEL = "-O";
				VALIDATE_PRODUCT = YES;
			};
			name = Release;
		};
		657FFEB921F7F9B90033D9E1 /* Debug */ = {
			isa = XCBuildConfiguration;
			baseConfigurationReference = 591A7ACA15C90DD3B3E4CB91 /* Pods-GoogleLogin.debug.xcconfig */;
			buildSettings = {
				ASSETCATALOG_COMPILER_APPICON_NAME = AppIcon;
				CODE_SIGN_STYLE = Automatic;
				DEVELOPMENT_TEAM = W287BT4V38;
				INFOPLIST_FILE = GoogleLogin/Info.plist;
				LD_RUNPATH_SEARCH_PATHS = (
					"$(inherited)",
					"@executable_path/Frameworks",
				);
				PRODUCT_BUNDLE_IDENTIFIER = com.kakaotocs.GoogleLogin;
				PRODUCT_NAME = "$(TARGET_NAME)";
				SWIFT_VERSION = 4.2;
				TARGETED_DEVICE_FAMILY = "1,2";
			};
			name = Debug;
		};
		657FFEBA21F7F9B90033D9E1 /* Release */ = {
			isa = XCBuildConfiguration;
			baseConfigurationReference = 53E52180418F8AD9B5D6B35D /* Pods-GoogleLogin.release.xcconfig */;
			buildSettings = {
				ASSETCATALOG_COMPILER_APPICON_NAME = AppIcon;
				CODE_SIGN_STYLE = Automatic;
				DEVELOPMENT_TEAM = W287BT4V38;
				INFOPLIST_FILE = GoogleLogin/Info.plist;
				LD_RUNPATH_SEARCH_PATHS = (
					"$(inherited)",
					"@executable_path/Frameworks",
				);
				PRODUCT_BUNDLE_IDENTIFIER = com.kakaotocs.GoogleLogin;
				PRODUCT_NAME = "$(TARGET_NAME)";
				SWIFT_VERSION = 4.2;
				TARGETED_DEVICE_FAMILY = "1,2";
			};
			name = Release;
		};
/* End XCBuildConfiguration section */

/* Begin XCConfigurationList section */
		657FFEA121F7F9B80033D9E1 /* Build configuration list for PBXProject "GoogleLogin" */ = {
			isa = XCConfigurationList;
			buildConfigurations = (
				657FFEB621F7F9B90033D9E1 /* Debug */,
				657FFEB721F7F9B90033D9E1 /* Release */,
			);
			defaultConfigurationIsVisible = 0;
			defaultConfigurationName = Release;
		};
		657FFEB821F7F9B90033D9E1 /* Build configuration list for PBXNativeTarget "GoogleLogin" */ = {
			isa = XCConfigurationList;
			buildConfigurations = (
				657FFEB921F7F9B90033D9E1 /* Debug */,
				657FFEBA21F7F9B90033D9E1 /* Release */,
			);
			defaultConfigurationIsVisible = 0;
			defaultConfigurationName = Release;
		};
/* End XCConfigurationList section */
	};
	rootObject = 657FFE9E21F7F9B80033D9E1 /* Project object */;
}
