// !$*UTF8*$!
{
	archiveVersion = 1;
	classes = {
	};
	objectVersion = 50;
	objects = {

/* Begin PBXBuildFile section */
		3BCCB02E20C5347B00CD04EE /* Country.swift in Sources */ = {isa = PBXBuildFile; fileRef = 3BCCB02D20C5347B00CD04EE /* Country.swift */; };
		3BCCB03020C5600500CD04EE /* CityTableCell.swift in Sources */ = {isa = PBXBuildFile; fileRef = 3BCCB02F20C5600500CD04EE /* CityTableCell.swift */; };
		AE5C21492091CC6E005AFDED /* MainTableViewController.swift in Sources */ = {isa = PBXBuildFile; fileRef = AE5C21482091CC6E005AFDED /* MainTableViewController.swift */; };
		AE5C214B2091CC93005AFDED /* CityTableViewController.swift in Sources */ = {isa = PBXBuildFile; fileRef = AE5C214A2091CC93005AFDED /* CityTableViewController.swift */; };
		AE5C214D2091CCB1005AFDED /* DetailViewController.swift in Sources */ = {isa = PBXBuildFile; fileRef = AE5C214C2091CCB1005AFDED /* DetailViewController.swift */; };
		AE5C214F2091DE14005AFDED /* City.swift in Sources */ = {isa = PBXBuildFile; fileRef = AE5C214E2091DE14005AFDED /* City.swift */; };
		AE7A216B2090748B00D566B5 /* AppDelegate.swift in Sources */ = {isa = PBXBuildFile; fileRef = AE7A216A2090748B00D566B5 /* AppDelegate.swift */; };
		AE7A21702090748B00D566B5 /* Main.storyboard in Resources */ = {isa = PBXBuildFile; fileRef = AE7A216E2090748B00D566B5 /* Main.storyboard */; };
		AE7A21722090748C00D566B5 /* Assets.xcassets in Resources */ = {isa = PBXBuildFile; fileRef = AE7A21712090748C00D566B5 /* Assets.xcassets */; };
		AE7A21752090748C00D566B5 /* LaunchScreen.storyboard in Resources */ = {isa = PBXBuildFile; fileRef = AE7A21732090748C00D566B5 /* LaunchScreen.storyboard */; };
/* End PBXBuildFile section */

/* Begin PBXFileReference section */
		3BCCB02D20C5347B00CD04EE /* Country.swift */ = {isa = PBXFileReference; lastKnownFileType = sourcecode.swift; path = Country.swift; sourceTree = "<group>"; };
		3BCCB02F20C5600500CD04EE /* CityTableCell.swift */ = {isa = PBXFileReference; lastKnownFileType = sourcecode.swift; path = CityTableCell.swift; sourceTree = "<group>"; };
		AE5C21482091CC6E005AFDED /* MainTableViewController.swift */ = {isa = PBXFileReference; lastKnownFileType = sourcecode.swift; path = MainTableViewController.swift; sourceTree = "<group>"; };
		AE5C214A2091CC93005AFDED /* CityTableViewController.swift */ = {isa = PBXFileReference; lastKnownFileType = sourcecode.swift; path = CityTableViewController.swift; sourceTree = "<group>"; };
		AE5C214C2091CCB1005AFDED /* DetailViewController.swift */ = {isa = PBXFileReference; lastKnownFileType = sourcecode.swift; path = DetailViewController.swift; sourceTree = "<group>"; };
		AE5C214E2091DE14005AFDED /* City.swift */ = {isa = PBXFileReference; lastKnownFileType = sourcecode.swift; path = City.swift; sourceTree = "<group>"; };
		AE7A21672090748B00D566B5 /* Weather.app */ = {isa = PBXFileReference; explicitFileType = wrapper.application; includeInIndex = 0; path = Weather.app; sourceTree = BUILT_PRODUCTS_DIR; };
		AE7A216A2090748B00D566B5 /* AppDelegate.swift */ = {isa = PBXFileReference; lastKnownFileType = sourcecode.swift; path = AppDelegate.swift; sourceTree = "<group>"; };
		AE7A216F2090748B00D566B5 /* Base */ = {isa = PBXFileReference; lastKnownFileType = file.storyboard; name = Base; path = Base.lproj/Main.storyboard; sourceTree = "<group>"; };
		AE7A21712090748C00D566B5 /* Assets.xcassets */ = {isa = PBXFileReference; lastKnownFileType = folder.assetcatalog; path = Assets.xcassets; sourceTree = "<group>"; };
		AE7A21742090748C00D566B5 /* Base */ = {isa = PBXFileReference; lastKnownFileType = file.storyboard; name = Base; path = Base.lproj/LaunchScreen.storyboard; sourceTree = "<group>"; };
		AE7A21762090748C00D566B5 /* Info.plist */ = {isa = PBXFileReference; lastKnownFileType = text.plist.xml; path = Info.plist; sourceTree = "<group>"; };
/* End PBXFileReference section */

/* Begin PBXFrameworksBuildPhase section */
		AE7A21642090748B00D566B5 /* Frameworks */ = {
			isa = PBXFrameworksBuildPhase;
			buildActionMask = 2147483647;
			files = (
			);
			runOnlyForDeploymentPostprocessing = 0;
		};
/* End PBXFrameworksBuildPhase section */

/* Begin PBXGroup section */
		3B52AD5120C69335009198C2 /* ViewController */ = {
			isa = PBXGroup;
			children = (
				AE5C21482091CC6E005AFDED /* MainTableViewController.swift */,
				AE5C214A2091CC93005AFDED /* CityTableViewController.swift */,
				AE5C214C2091CCB1005AFDED /* DetailViewController.swift */,
			);
			path = ViewController;
			sourceTree = "<group>";
		};
		3B52AD5220C69366009198C2 /* TableViewCell */ = {
			isa = PBXGroup;
			children = (
				3BCCB02F20C5600500CD04EE /* CityTableCell.swift */,
			);
			path = TableViewCell;
			sourceTree = "<group>";
		};
		3B52AD5320C6939A009198C2 /* DataType */ = {
			isa = PBXGroup;
			children = (
				3BCCB02D20C5347B00CD04EE /* Country.swift */,
				AE5C214E2091DE14005AFDED /* City.swift */,
			);
			path = DataType;
			sourceTree = "<group>";
		};
		AE7A215E2090748B00D566B5 = {
			isa = PBXGroup;
			children = (
				AE7A21692090748B00D566B5 /* Weather */,
				AE7A21682090748B00D566B5 /* Products */,
			);
			sourceTree = "<group>";
		};
		AE7A21682090748B00D566B5 /* Products */ = {
			isa = PBXGroup;
			children = (
				AE7A21672090748B00D566B5 /* Weather.app */,
			);
			name = Products;
			sourceTree = "<group>";
		};
		AE7A21692090748B00D566B5 /* Weather */ = {
			isa = PBXGroup;
			children = (
				3B52AD5120C69335009198C2 /* ViewController */,
				3B52AD5220C69366009198C2 /* TableViewCell */,
				3B52AD5320C6939A009198C2 /* DataType */,
				AE7A216A2090748B00D566B5 /* AppDelegate.swift */,
				AE7A216E2090748B00D566B5 /* Main.storyboard */,
				AE7A21712090748C00D566B5 /* Assets.xcassets */,
				AE7A21732090748C00D566B5 /* LaunchScreen.storyboard */,
				AE7A21762090748C00D566B5 /* Info.plist */,
			);
			path = Weather;
			sourceTree = "<group>";
		};
/* End PBXGroup section */

/* Begin PBXNativeTarget section */
		AE7A21662090748B00D566B5 /* Weather */ = {
			isa = PBXNativeTarget;
			buildConfigurationList = AE7A21792090748C00D566B5 /* Build configuration list for PBXNativeTarget "Weather" */;
			buildPhases = (
				AE7A21632090748B00D566B5 /* Sources */,
				AE7A21642090748B00D566B5 /* Frameworks */,
				AE7A21652090748B00D566B5 /* Resources */,
			);
			buildRules = (
			);
			dependencies = (
			);
			name = Weather;
			productName = Weather;
			productReference = AE7A21672090748B00D566B5 /* Weather.app */;
			productType = "com.apple.product-type.application";
		};
/* End PBXNativeTarget section */

/* Begin PBXProject section */
		AE7A215F2090748B00D566B5 /* Project object */ = {
			isa = PBXProject;
			attributes = {
				LastSwiftUpdateCheck = 0930;
				LastUpgradeCheck = 0930;
				ORGANIZATIONNAME = KakaoTocs;
				TargetAttributes = {
					AE7A21662090748B00D566B5 = {
						CreatedOnToolsVersion = 9.3;
					};
				};
			};
			buildConfigurationList = AE7A21622090748B00D566B5 /* Build configuration list for PBXProject "Weather" */;
			compatibilityVersion = "Xcode 9.3";
			developmentRegion = en;
			hasScannedForEncodings = 0;
			knownRegions = (
				en,
				Base,
			);
			mainGroup = AE7A215E2090748B00D566B5;
			productRefGroup = AE7A21682090748B00D566B5 /* Products */;
			projectDirPath = "";
			projectRoot = "";
			targets = (
				AE7A21662090748B00D566B5 /* Weather */,
			);
		};
/* End PBXProject section */

/* Begin PBXResourcesBuildPhase section */
		AE7A21652090748B00D566B5 /* Resources */ = {
			isa = PBXResourcesBuildPhase;
			buildActionMask = 2147483647;
			files = (
				AE7A21752090748C00D566B5 /* LaunchScreen.storyboard in Resources */,
				AE7A21722090748C00D566B5 /* Assets.xcassets in Resources */,
				AE7A21702090748B00D566B5 /* Main.storyboard in Resources */,
			);
			runOnlyForDeploymentPostprocessing = 0;
		};
/* End PBXResourcesBuildPhase section */

/* Begin PBXSourcesBuildPhase section */
		AE7A21632090748B00D566B5 /* Sources */ = {
			isa = PBXSourcesBuildPhase;
			buildActionMask = 2147483647;
			files = (
				3BCCB03020C5600500CD04EE /* CityTableCell.swift in Sources */,
				AE5C214B2091CC93005AFDED /* CityTableViewController.swift in Sources */,
				AE5C214D2091CCB1005AFDED /* DetailViewController.swift in Sources */,
				AE5C21492091CC6E005AFDED /* MainTableViewController.swift in Sources */,
				AE5C214F2091DE14005AFDED /* City.swift in Sources */,
				3BCCB02E20C5347B00CD04EE /* Country.swift in Sources */,
				AE7A216B2090748B00D566B5 /* AppDelegate.swift in Sources */,
			);
			runOnlyForDeploymentPostprocessing = 0;
		};
/* End PBXSourcesBuildPhase section */

/* Begin PBXVariantGroup section */
		AE7A216E2090748B00D566B5 /* Main.storyboard */ = {
			isa = PBXVariantGroup;
			children = (
				AE7A216F2090748B00D566B5 /* Base */,
			);
			name = Main.storyboard;
			sourceTree = "<group>";
		};
		AE7A21732090748C00D566B5 /* LaunchScreen.storyboard */ = {
			isa = PBXVariantGroup;
			children = (
				AE7A21742090748C00D566B5 /* Base */,
			);
			name = LaunchScreen.storyboard;
			sourceTree = "<group>";
		};
/* End PBXVariantGroup section */

/* Begin XCBuildConfiguration section */
		AE7A21772090748C00D566B5 /* Debug */ = {
			isa = XCBuildConfiguration;
			buildSettings = {
				ALWAYS_SEARCH_USER_PATHS = NO;
				CLANG_ANALYZER_NONNULL = YES;
				CLANG_ANALYZER_NUMBER_OBJECT_CONVERSION = YES_AGGRESSIVE;
				CLANG_CXX_LANGUAGE_STANDARD = "gnu++14";
				CLANG_CXX_LIBRARY = "libc++";
				CLANG_ENABLE_MODULES = YES;
				CLANG_ENABLE_OBJC_ARC = YES;
				CLANG_ENABLE_OBJC_WEAK = YES;
				CLANG_WARN_BLOCK_CAPTURE_AUTORELEASING = YES;
				CLANG_WARN_BOOL_CONVERSION = YES;
				CLANG_WARN_COMMA = YES;
				CLANG_WARN_CONSTANT_CONVERSION = YES;
				CLANG_WARN_DEPRECATED_OBJC_IMPLEMENTATIONS = YES;
				CLANG_WARN_DIRECT_OBJC_ISA_USAGE = YES_ERROR;
				CLANG_WARN_DOCUMENTATION_COMMENTS = YES;
				CLANG_WARN_EMPTY_BODY = YES;
				CLANG_WARN_ENUM_CONVERSION = YES;
				CLANG_WARN_INFINITE_RECURSION = YES;
				CLANG_WARN_INT_CONVERSION = YES;
				CLANG_WARN_NON_LITERAL_NULL_CONVERSION = YES;
				CLANG_WARN_OBJC_IMPLICIT_RETAIN_SELF = YES;
				CLANG_WARN_OBJC_LITERAL_CONVERSION = YES;
				CLANG_WARN_OBJC_ROOT_CLASS = YES_ERROR;
				CLANG_WARN_RANGE_LOOP_ANALYSIS = YES;
				CLANG_WARN_STRICT_PROTOTYPES = YES;
				CLANG_WARN_SUSPICIOUS_MOVE = YES;
				CLANG_WARN_UNGUARDED_AVAILABILITY = YES_AGGRESSIVE;
				CLANG_WARN_UNREACHABLE_CODE = YES;
				CLANG_WARN__DUPLICATE_METHOD_MATCH = YES;
				CODE_SIGN_IDENTITY = "iPhone Developer";
				COPY_PHASE_STRIP = NO;
				DEBUG_INFORMATION_FORMAT = dwarf;
				ENABLE_STRICT_OBJC_MSGSEND = YES;
				ENABLE_TESTABILITY = YES;
				GCC_C_LANGUAGE_STANDARD = gnu11;
				GCC_DYNAMIC_NO_PIC = NO;
				GCC_NO_COMMON_BLOCKS = YES;
				GCC_OPTIMIZATION_LEVEL = 0;
				GCC_PREPROCESSOR_DEFINITIONS = (
					"DEBUG=1",
					"$(inherited)",
				);
				GCC_WARN_64_TO_32_BIT_CONVERSION = YES;
				GCC_WARN_ABOUT_RETURN_TYPE = YES_ERROR;
				GCC_WARN_UNDECLARED_SELECTOR = YES;
				GCC_WARN_UNINITIALIZED_AUTOS = YES_AGGRESSIVE;
				GCC_WARN_UNUSED_FUNCTION = YES;
				GCC_WARN_UNUSED_VARIABLE = YES;
				IPHONEOS_DEPLOYMENT_TARGET = 11.3;
				MTL_ENABLE_DEBUG_INFO = YES;
				ONLY_ACTIVE_ARCH = YES;
				SDKROOT = iphoneos;
				SWIFT_ACTIVE_COMPILATION_CONDITIONS = DEBUG;
				SWIFT_OPTIMIZATION_LEVEL = "-Onone";
			};
			name = Debug;
		};
		AE7A21782090748C00D566B5 /* Release */ = {
			isa = XCBuildConfiguration;
			buildSettings = {
				ALWAYS_SEARCH_USER_PATHS = NO;
				CLANG_ANALYZER_NONNULL = YES;
				CLANG_ANALYZER_NUMBER_OBJECT_CONVERSION = YES_AGGRESSIVE;
				CLANG_CXX_LANGUAGE_STANDARD = "gnu++14";
				CLANG_CXX_LIBRARY = "libc++";
				CLANG_ENABLE_MODULES = YES;
				CLANG_ENABLE_OBJC_ARC = YES;
				CLANG_ENABLE_OBJC_WEAK = YES;
				CLANG_WARN_BLOCK_CAPTURE_AUTORELEASING = YES;
				CLANG_WARN_BOOL_CONVERSION = YES;
				CLANG_WARN_COMMA = YES;
				CLANG_WARN_CONSTANT_CONVERSION = YES;
				CLANG_WARN_DEPRECATED_OBJC_IMPLEMENTATIONS = YES;
				CLANG_WARN_DIRECT_OBJC_ISA_USAGE = YES_ERROR;
				CLANG_WARN_DOCUMENTATION_COMMENTS = YES;
				CLANG_WARN_EMPTY_BODY = YES;
				CLANG_WARN_ENUM_CONVERSION = YES;
				CLANG_WARN_INFINITE_RECURSION = YES;
				CLANG_WARN_INT_CONVERSION = YES;
				CLANG_WARN_NON_LITERAL_NULL_CONVERSION = YES;
				CLANG_WARN_OBJC_IMPLICIT_RETAIN_SELF = YES;
				CLANG_WARN_OBJC_LITERAL_CONVERSION = YES;
				CLANG_WARN_OBJC_ROOT_CLASS = YES_ERROR;
				CLANG_WARN_RANGE_LOOP_ANALYSIS = YES;
				CLANG_WARN_STRICT_PROTOTYPES = YES;
				CLANG_WARN_SUSPICIOUS_MOVE = YES;
				CLANG_WARN_UNGUARDED_AVAILABILITY = YES_AGGRESSIVE;
				CLANG_WARN_UNREACHABLE_CODE = YES;
				CLANG_WARN__DUPLICATE_METHOD_MATCH = YES;
				CODE_SIGN_IDENTITY = "iPhone Developer";
				COPY_PHASE_STRIP = NO;
				DEBUG_INFORMATION_FORMAT = "dwarf-with-dsym";
				ENABLE_NS_ASSERTIONS = NO;
				ENABLE_STRICT_OBJC_MSGSEND = YES;
				GCC_C_LANGUAGE_STANDARD = gnu11;
				GCC_NO_COMMON_BLOCKS = YES;
				GCC_WARN_64_TO_32_BIT_CONVERSION = YES;
				GCC_WARN_ABOUT_RETURN_TYPE = YES_ERROR;
				GCC_WARN_UNDECLARED_SELECTOR = YES;
				GCC_WARN_UNINITIALIZED_AUTOS = YES_AGGRESSIVE;
				GCC_WARN_UNUSED_FUNCTION = YES;
				GCC_WARN_UNUSED_VARIABLE = YES;
				IPHONEOS_DEPLOYMENT_TARGET = 11.3;
				MTL_ENABLE_DEBUG_INFO = NO;
				SDKROOT = iphoneos;
				SWIFT_COMPILATION_MODE = wholemodule;
				SWIFT_OPTIMIZATION_LEVEL = "-O";
				VALIDATE_PRODUCT = YES;
			};
			name = Release;
		};
		AE7A217A2090748C00D566B5 /* Debug */ = {
			isa = XCBuildConfiguration;
			buildSettings = {
				ASSETCATALOG_COMPILER_APPICON_NAME = AppIcon;
				CODE_SIGN_STYLE = Automatic;
				DEVELOPMENT_TEAM = 5SS54HZR7B;
				INFOPLIST_FILE = Weather/Info.plist;
				LD_RUNPATH_SEARCH_PATHS = (
					"$(inherited)",
					"@executable_path/Frameworks",
				);
				PRODUCT_BUNDLE_IDENTIFIER = KakaoTocs.kr.Weather;
				PRODUCT_NAME = "$(TARGET_NAME)";
				SWIFT_VERSION = 4.0;
				TARGETED_DEVICE_FAMILY = "1,2";
			};
			name = Debug;
		};
		AE7A217B2090748C00D566B5 /* Release */ = {
			isa = XCBuildConfiguration;
			buildSettings = {
				ASSETCATALOG_COMPILER_APPICON_NAME = AppIcon;
				CODE_SIGN_STYLE = Automatic;
				DEVELOPMENT_TEAM = 5SS54HZR7B;
				INFOPLIST_FILE = Weather/Info.plist;
				LD_RUNPATH_SEARCH_PATHS = (
					"$(inherited)",
					"@executable_path/Frameworks",
				);
				PRODUCT_BUNDLE_IDENTIFIER = KakaoTocs.kr.Weather;
				PRODUCT_NAME = "$(TARGET_NAME)";
				SWIFT_VERSION = 4.0;
				TARGETED_DEVICE_FAMILY = "1,2";
			};
			name = Release;
		};
/* End XCBuildConfiguration section */

/* Begin XCConfigurationList section */
		AE7A21622090748B00D566B5 /* Build configuration list for PBXProject "Weather" */ = {
			isa = XCConfigurationList;
			buildConfigurations = (
				AE7A21772090748C00D566B5 /* Debug */,
				AE7A21782090748C00D566B5 /* Release */,
			);
			defaultConfigurationIsVisible = 0;
			defaultConfigurationName = Release;
		};
		AE7A21792090748C00D566B5 /* Build configuration list for PBXNativeTarget "Weather" */ = {
			isa = XCConfigurationList;
			buildConfigurations = (
				AE7A217A2090748C00D566B5 /* Debug */,
				AE7A217B2090748C00D566B5 /* Release */,
			);
			defaultConfigurationIsVisible = 0;
			defaultConfigurationName = Release;
		};
/* End XCConfigurationList section */
	};
	rootObject = AE7A215F2090748B00D566B5 /* Project object */;
}
