// !$*UTF8*$!
{
	archiveVersion = 1;
	classes = {
	};
	objectVersion = 50;
	objects = {

/* Begin PBXBuildFile section */
		AE1C3B3E209096A70043383C /* TreeViewController.swift in Sources */ = {isa = PBXBuildFile; fileRef = AE1C3B3D209096A70043383C /* TreeViewController.swift */; };
		AE1C3B40209097060043383C /* TreeViewNode.swift in Sources */ = {isa = PBXBuildFile; fileRef = AE1C3B3F209097060043383C /* TreeViewNode.swift */; };
		AE1C3B422090974F0043383C /* TreeViewList.swift in Sources */ = {isa = PBXBuildFile; fileRef = AE1C3B412090974F0043383C /* TreeViewList.swift */; };
		AE1C3B44209097770043383C /* TreeViewData.swift in Sources */ = {isa = PBXBuildFile; fileRef = AE1C3B43209097770043383C /* TreeViewData.swift */; };
		AE1C3B462090998B0043383C /* TreeTableViewCell.swift in Sources */ = {isa = PBXBuildFile; fileRef = AE1C3B452090998B0043383C /* TreeTableViewCell.swift */; };
		AE1C3B4820909BC90043383C /* GlobalVariable.swift in Sources */ = {isa = PBXBuildFile; fileRef = AE1C3B4720909BC90043383C /* GlobalVariable.swift */; };
		AE7DFE01209093D90079EFDC /* AppDelegate.swift in Sources */ = {isa = PBXBuildFile; fileRef = AE7DFE00209093D90079EFDC /* AppDelegate.swift */; };
		AE7DFE06209093D90079EFDC /* Main.storyboard in Resources */ = {isa = PBXBuildFile; fileRef = AE7DFE04209093D90079EFDC /* Main.storyboard */; };
		AE7DFE08209093DA0079EFDC /* Assets.xcassets in Resources */ = {isa = PBXBuildFile; fileRef = AE7DFE07209093DA0079EFDC /* Assets.xcassets */; };
		AE7DFE0B209093DA0079EFDC /* LaunchScreen.storyboard in Resources */ = {isa = PBXBuildFile; fileRef = AE7DFE09209093DA0079EFDC /* LaunchScreen.storyboard */; };
/* End PBXBuildFile section */

/* Begin PBXFileReference section */
		AE1C3B3D209096A70043383C /* TreeViewController.swift */ = {isa = PBXFileReference; lastKnownFileType = sourcecode.swift; path = TreeViewController.swift; sourceTree = "<group>"; };
		AE1C3B3F209097060043383C /* TreeViewNode.swift */ = {isa = PBXFileReference; lastKnownFileType = sourcecode.swift; path = TreeViewNode.swift; sourceTree = "<group>"; };
		AE1C3B412090974F0043383C /* TreeViewList.swift */ = {isa = PBXFileReference; lastKnownFileType = sourcecode.swift; path = TreeViewList.swift; sourceTree = "<group>"; };
		AE1C3B43209097770043383C /* TreeViewData.swift */ = {isa = PBXFileReference; lastKnownFileType = sourcecode.swift; path = TreeViewData.swift; sourceTree = "<group>"; };
		AE1C3B452090998B0043383C /* TreeTableViewCell.swift */ = {isa = PBXFileReference; lastKnownFileType = sourcecode.swift; path = TreeTableViewCell.swift; sourceTree = "<group>"; };
		AE1C3B4720909BC90043383C /* GlobalVariable.swift */ = {isa = PBXFileReference; lastKnownFileType = sourcecode.swift; path = GlobalVariable.swift; sourceTree = "<group>"; };
		AE7DFDFD209093D90079EFDC /* TreeTableView.app */ = {isa = PBXFileReference; explicitFileType = wrapper.application; includeInIndex = 0; path = TreeTableView.app; sourceTree = BUILT_PRODUCTS_DIR; };
		AE7DFE00209093D90079EFDC /* AppDelegate.swift */ = {isa = PBXFileReference; lastKnownFileType = sourcecode.swift; path = AppDelegate.swift; sourceTree = "<group>"; };
		AE7DFE05209093D90079EFDC /* Base */ = {isa = PBXFileReference; lastKnownFileType = file.storyboard; name = Base; path = Base.lproj/Main.storyboard; sourceTree = "<group>"; };
		AE7DFE07209093DA0079EFDC /* Assets.xcassets */ = {isa = PBXFileReference; lastKnownFileType = folder.assetcatalog; path = Assets.xcassets; sourceTree = "<group>"; };
		AE7DFE0A209093DA0079EFDC /* Base */ = {isa = PBXFileReference; lastKnownFileType = file.storyboard; name = Base; path = Base.lproj/LaunchScreen.storyboard; sourceTree = "<group>"; };
		AE7DFE0C209093DA0079EFDC /* Info.plist */ = {isa = PBXFileReference; lastKnownFileType = text.plist.xml; path = Info.plist; sourceTree = "<group>"; };
/* End PBXFileReference section */

/* Begin PBXFrameworksBuildPhase section */
		AE7DFDFA209093D90079EFDC /* Frameworks */ = {
			isa = PBXFrameworksBuildPhase;
			buildActionMask = 2147483647;
			files = (
			);
			runOnlyForDeploymentPostprocessing = 0;
		};
/* End PBXFrameworksBuildPhase section */

/* Begin PBXGroup section */
		AE7DFDF4209093D90079EFDC = {
			isa = PBXGroup;
			children = (
				AE7DFDFF209093D90079EFDC /* TreeTableView */,
				AE7DFDFE209093D90079EFDC /* Products */,
			);
			sourceTree = "<group>";
		};
		AE7DFDFE209093D90079EFDC /* Products */ = {
			isa = PBXGroup;
			children = (
				AE7DFDFD209093D90079EFDC /* TreeTableView.app */,
			);
			name = Products;
			sourceTree = "<group>";
		};
		AE7DFDFF209093D90079EFDC /* TreeTableView */ = {
			isa = PBXGroup;
			children = (
				AE7DFE00209093D90079EFDC /* AppDelegate.swift */,
				AE1C3B4720909BC90043383C /* GlobalVariable.swift */,
				AE7DFE04209093D90079EFDC /* Main.storyboard */,
				AE7DFE07209093DA0079EFDC /* Assets.xcassets */,
				AE7DFE09209093DA0079EFDC /* LaunchScreen.storyboard */,
				AE7DFE0C209093DA0079EFDC /* Info.plist */,
				AE1C3B3D209096A70043383C /* TreeViewController.swift */,
				AE1C3B452090998B0043383C /* TreeTableViewCell.swift */,
				AE1C3B3F209097060043383C /* TreeViewNode.swift */,
				AE1C3B412090974F0043383C /* TreeViewList.swift */,
				AE1C3B43209097770043383C /* TreeViewData.swift */,
			);
			path = TreeTableView;
			sourceTree = "<group>";
		};
/* End PBXGroup section */

/* Begin PBXNativeTarget section */
		AE7DFDFC209093D90079EFDC /* TreeTableView */ = {
			isa = PBXNativeTarget;
			buildConfigurationList = AE7DFE0F209093DA0079EFDC /* Build configuration list for PBXNativeTarget "TreeTableView" */;
			buildPhases = (
				AE7DFDF9209093D90079EFDC /* Sources */,
				AE7DFDFA209093D90079EFDC /* Frameworks */,
				AE7DFDFB209093D90079EFDC /* Resources */,
			);
			buildRules = (
			);
			dependencies = (
			);
			name = TreeTableView;
			productName = TreeTableView;
			productReference = AE7DFDFD209093D90079EFDC /* TreeTableView.app */;
			productType = "com.apple.product-type.application";
		};
/* End PBXNativeTarget section */

/* Begin PBXProject section */
		AE7DFDF5209093D90079EFDC /* Project object */ = {
			isa = PBXProject;
			attributes = {
				LastSwiftUpdateCheck = 0930;
				LastUpgradeCheck = 0930;
				ORGANIZATIONNAME = KakaoTocs;
				TargetAttributes = {
					AE7DFDFC209093D90079EFDC = {
						CreatedOnToolsVersion = 9.3;
					};
				};
			};
			buildConfigurationList = AE7DFDF8209093D90079EFDC /* Build configuration list for PBXProject "TreeTableView" */;
			compatibilityVersion = "Xcode 9.3";
			developmentRegion = en;
			hasScannedForEncodings = 0;
			knownRegions = (
				en,
				Base,
			);
			mainGroup = AE7DFDF4209093D90079EFDC;
			productRefGroup = AE7DFDFE209093D90079EFDC /* Products */;
			projectDirPath = "";
			projectRoot = "";
			targets = (
				AE7DFDFC209093D90079EFDC /* TreeTableView */,
			);
		};
/* End PBXProject section */

/* Begin PBXResourcesBuildPhase section */
		AE7DFDFB209093D90079EFDC /* Resources */ = {
			isa = PBXResourcesBuildPhase;
			buildActionMask = 2147483647;
			files = (
				AE7DFE0B209093DA0079EFDC /* LaunchScreen.storyboard in Resources */,
				AE7DFE08209093DA0079EFDC /* Assets.xcassets in Resources */,
				AE7DFE06209093D90079EFDC /* Main.storyboard in Resources */,
			);
			runOnlyForDeploymentPostprocessing = 0;
		};
/* End PBXResourcesBuildPhase section */

/* Begin PBXSourcesBuildPhase section */
		AE7DFDF9209093D90079EFDC /* Sources */ = {
			isa = PBXSourcesBuildPhase;
			buildActionMask = 2147483647;
			files = (
				AE1C3B4820909BC90043383C /* GlobalVariable.swift in Sources */,
				AE1C3B422090974F0043383C /* TreeViewList.swift in Sources */,
				AE1C3B3E209096A70043383C /* TreeViewController.swift in Sources */,
				AE7DFE01209093D90079EFDC /* AppDelegate.swift in Sources */,
				AE1C3B40209097060043383C /* TreeViewNode.swift in Sources */,
				AE1C3B44209097770043383C /* TreeViewData.swift in Sources */,
				AE1C3B462090998B0043383C /* TreeTableViewCell.swift in Sources */,
			);
			runOnlyForDeploymentPostprocessing = 0;
		};
/* End PBXSourcesBuildPhase section */

/* Begin PBXVariantGroup section */
		AE7DFE04209093D90079EFDC /* Main.storyboard */ = {
			isa = PBXVariantGroup;
			children = (
				AE7DFE05209093D90079EFDC /* Base */,
			);
			name = Main.storyboard;
			sourceTree = "<group>";
		};
		AE7DFE09209093DA0079EFDC /* LaunchScreen.storyboard */ = {
			isa = PBXVariantGroup;
			children = (
				AE7DFE0A209093DA0079EFDC /* Base */,
			);
			name = LaunchScreen.storyboard;
			sourceTree = "<group>";
		};
/* End PBXVariantGroup section */

/* Begin XCBuildConfiguration section */
		AE7DFE0D209093DA0079EFDC /* Debug */ = {
			isa = XCBuildConfiguration;
			buildSettings = {
				ALWAYS_SEARCH_USER_PATHS = NO;
				CLANG_ANALYZER_NONNULL = YES;
				CLANG_ANALYZER_NUMBER_OBJECT_CONVERSION = YES_AGGRESSIVE;
				CLANG_CXX_LANGUAGE_STANDARD = "gnu++14";
				CLANG_CXX_LIBRARY = "libc++";
				CLANG_ENABLE_MODULES = YES;
				CLANG_ENABLE_OBJC_ARC = YES;
				CLANG_ENABLE_OBJC_WEAK = YES;
				CLANG_WARN_BLOCK_CAPTURE_AUTORELEASING = YES;
				CLANG_WARN_BOOL_CONVERSION = YES;
				CLANG_WARN_COMMA = YES;
				CLANG_WARN_CONSTANT_CONVERSION = YES;
				CLANG_WARN_DEPRECATED_OBJC_IMPLEMENTATIONS = YES;
				CLANG_WARN_DIRECT_OBJC_ISA_USAGE = YES_ERROR;
				CLANG_WARN_DOCUMENTATION_COMMENTS = YES;
				CLANG_WARN_EMPTY_BODY = YES;
				CLANG_WARN_ENUM_CONVERSION = YES;
				CLANG_WARN_INFINITE_RECURSION = YES;
				CLANG_WARN_INT_CONVERSION = YES;
				CLANG_WARN_NON_LITERAL_NULL_CONVERSION = YES;
				CLANG_WARN_OBJC_IMPLICIT_RETAIN_SELF = YES;
				CLANG_WARN_OBJC_LITERAL_CONVERSION = YES;
				CLANG_WARN_OBJC_ROOT_CLASS = YES_ERROR;
				CLANG_WARN_RANGE_LOOP_ANALYSIS = YES;
				CLANG_WARN_STRICT_PROTOTYPES = YES;
				CLANG_WARN_SUSPICIOUS_MOVE = YES;
				CLANG_WARN_UNGUARDED_AVAILABILITY = YES_AGGRESSIVE;
				CLANG_WARN_UNREACHABLE_CODE = YES;
				CLANG_WARN__DUPLICATE_METHOD_MATCH = YES;
				CODE_SIGN_IDENTITY = "iPhone Developer";
				COPY_PHASE_STRIP = NO;
				DEBUG_INFORMATION_FORMAT = dwarf;
				ENABLE_STRICT_OBJC_MSGSEND = YES;
				ENABLE_TESTABILITY = YES;
				GCC_C_LANGUAGE_STANDARD = gnu11;
				GCC_DYNAMIC_NO_PIC = NO;
				GCC_NO_COMMON_BLOCKS = YES;
				GCC_OPTIMIZATION_LEVEL = 0;
				GCC_PREPROCESSOR_DEFINITIONS = (
					"DEBUG=1",
					"$(inherited)",
				);
				GCC_WARN_64_TO_32_BIT_CONVERSION = YES;
				GCC_WARN_ABOUT_RETURN_TYPE = YES_ERROR;
				GCC_WARN_UNDECLARED_SELECTOR = YES;
				GCC_WARN_UNINITIALIZED_AUTOS = YES_AGGRESSIVE;
				GCC_WARN_UNUSED_FUNCTION = YES;
				GCC_WARN_UNUSED_VARIABLE = YES;
				IPHONEOS_DEPLOYMENT_TARGET = 11.3;
				MTL_ENABLE_DEBUG_INFO = YES;
				ONLY_ACTIVE_ARCH = YES;
				SDKROOT = iphoneos;
				SWIFT_ACTIVE_COMPILATION_CONDITIONS = DEBUG;
				SWIFT_OPTIMIZATION_LEVEL = "-Onone";
			};
			name = Debug;
		};
		AE7DFE0E209093DA0079EFDC /* Release */ = {
			isa = XCBuildConfiguration;
			buildSettings = {
				ALWAYS_SEARCH_USER_PATHS = NO;
				CLANG_ANALYZER_NONNULL = YES;
				CLANG_ANALYZER_NUMBER_OBJECT_CONVERSION = YES_AGGRESSIVE;
				CLANG_CXX_LANGUAGE_STANDARD = "gnu++14";
				CLANG_CXX_LIBRARY = "libc++";
				CLANG_ENABLE_MODULES = YES;
				CLANG_ENABLE_OBJC_ARC = YES;
				CLANG_ENABLE_OBJC_WEAK = YES;
				CLANG_WARN_BLOCK_CAPTURE_AUTORELEASING = YES;
				CLANG_WARN_BOOL_CONVERSION = YES;
				CLANG_WARN_COMMA = YES;
				CLANG_WARN_CONSTANT_CONVERSION = YES;
				CLANG_WARN_DEPRECATED_OBJC_IMPLEMENTATIONS = YES;
				CLANG_WARN_DIRECT_OBJC_ISA_USAGE = YES_ERROR;
				CLANG_WARN_DOCUMENTATION_COMMENTS = YES;
				CLANG_WARN_EMPTY_BODY = YES;
				CLANG_WARN_ENUM_CONVERSION = YES;
				CLANG_WARN_INFINITE_RECURSION = YES;
				CLANG_WARN_INT_CONVERSION = YES;
				CLANG_WARN_NON_LITERAL_NULL_CONVERSION = YES;
				CLANG_WARN_OBJC_IMPLICIT_RETAIN_SELF = YES;
				CLANG_WARN_OBJC_LITERAL_CONVERSION = YES;
				CLANG_WARN_OBJC_ROOT_CLASS = YES_ERROR;
				CLANG_WARN_RANGE_LOOP_ANALYSIS = YES;
				CLANG_WARN_STRICT_PROTOTYPES = YES;
				CLANG_WARN_SUSPICIOUS_MOVE = YES;
				CLANG_WARN_UNGUARDED_AVAILABILITY = YES_AGGRESSIVE;
				CLANG_WARN_UNREACHABLE_CODE = YES;
				CLANG_WARN__DUPLICATE_METHOD_MATCH = YES;
				CODE_SIGN_IDENTITY = "iPhone Developer";
				COPY_PHASE_STRIP = NO;
				DEBUG_INFORMATION_FORMAT = "dwarf-with-dsym";
				ENABLE_NS_ASSERTIONS = NO;
				ENABLE_STRICT_OBJC_MSGSEND = YES;
				GCC_C_LANGUAGE_STANDARD = gnu11;
				GCC_NO_COMMON_BLOCKS = YES;
				GCC_WARN_64_TO_32_BIT_CONVERSION = YES;
				GCC_WARN_ABOUT_RETURN_TYPE = YES_ERROR;
				GCC_WARN_UNDECLARED_SELECTOR = YES;
				GCC_WARN_UNINITIALIZED_AUTOS = YES_AGGRESSIVE;
				GCC_WARN_UNUSED_FUNCTION = YES;
				GCC_WARN_UNUSED_VARIABLE = YES;
				IPHONEOS_DEPLOYMENT_TARGET = 11.3;
				MTL_ENABLE_DEBUG_INFO = NO;
				SDKROOT = iphoneos;
				SWIFT_COMPILATION_MODE = wholemodule;
				SWIFT_OPTIMIZATION_LEVEL = "-O";
				VALIDATE_PRODUCT = YES;
			};
			name = Release;
		};
		AE7DFE10209093DA0079EFDC /* Debug */ = {
			isa = XCBuildConfiguration;
			buildSettings = {
				ASSETCATALOG_COMPILER_APPICON_NAME = AppIcon;
				CODE_SIGN_STYLE = Automatic;
				DEVELOPMENT_TEAM = 5SS54HZR7B;
				INFOPLIST_FILE = TreeTableView/Info.plist;
				LD_RUNPATH_SEARCH_PATHS = (
					"$(inherited)",
					"@executable_path/Frameworks",
				);
				PRODUCT_BUNDLE_IDENTIFIER = KakaoTocs.kr.TreeTableView;
				PRODUCT_NAME = "$(TARGET_NAME)";
				SWIFT_VERSION = 4.0;
				TARGETED_DEVICE_FAMILY = "1,2";
			};
			name = Debug;
		};
		AE7DFE11209093DA0079EFDC /* Release */ = {
			isa = XCBuildConfiguration;
			buildSettings = {
				ASSETCATALOG_COMPILER_APPICON_NAME = AppIcon;
				CODE_SIGN_STYLE = Automatic;
				DEVELOPMENT_TEAM = 5SS54HZR7B;
				INFOPLIST_FILE = TreeTableView/Info.plist;
				LD_RUNPATH_SEARCH_PATHS = (
					"$(inherited)",
					"@executable_path/Frameworks",
				);
				PRODUCT_BUNDLE_IDENTIFIER = KakaoTocs.kr.TreeTableView;
				PRODUCT_NAME = "$(TARGET_NAME)";
				SWIFT_VERSION = 4.0;
				TARGETED_DEVICE_FAMILY = "1,2";
			};
			name = Release;
		};
/* End XCBuildConfiguration section */

/* Begin XCConfigurationList section */
		AE7DFDF8209093D90079EFDC /* Build configuration list for PBXProject "TreeTableView" */ = {
			isa = XCConfigurationList;
			buildConfigurations = (
				AE7DFE0D209093DA0079EFDC /* Debug */,
				AE7DFE0E209093DA0079EFDC /* Release */,
			);
			defaultConfigurationIsVisible = 0;
			defaultConfigurationName = Release;
		};
		AE7DFE0F209093DA0079EFDC /* Build configuration list for PBXNativeTarget "TreeTableView" */ = {
			isa = XCConfigurationList;
			buildConfigurations = (
				AE7DFE10209093DA0079EFDC /* Debug */,
				AE7DFE11209093DA0079EFDC /* Release */,
			);
			defaultConfigurationIsVisible = 0;
			defaultConfigurationName = Release;
		};
/* End XCConfigurationList section */
	};
	rootObject = AE7DFDF5209093D90079EFDC /* Project object */;
}
