// !$*UTF8*$!
{
	archiveVersion = 1;
	classes = {
	};
	objectVersion = 48;
	objects = {

/* Begin PBXBuildFile section */
		AE387A7520721FFD00E66A20 /* AppDelegate.swift in Sources */ = {isa = PBXBuildFile; fileRef = AE387A7420721FFD00E66A20 /* AppDelegate.swift */; };
		AE387A7720721FFD00E66A20 /* ViewController.swift in Sources */ = {isa = PBXBuildFile; fileRef = AE387A7620721FFD00E66A20 /* ViewController.swift */; };
		AE387A7A20721FFD00E66A20 /* Main.storyboard in Resources */ = {isa = PBXBuildFile; fileRef = AE387A7820721FFD00E66A20 /* Main.storyboard */; };
		AE387A7C20721FFD00E66A20 /* Assets.xcassets in Resources */ = {isa = PBXBuildFile; fileRef = AE387A7B20721FFD00E66A20 /* Assets.xcassets */; };
		AE387A7F20721FFD00E66A20 /* LaunchScreen.storyboard in Resources */ = {isa = PBXBuildFile; fileRef = AE387A7D20721FFD00E66A20 /* LaunchScreen.storyboard */; };
/* End PBXBuildFile section */

/* Begin PBXFileReference section */
		AE387A7120721FFD00E66A20 /* AutoLaybout_Test_1.app */ = {isa = PBXFileReference; explicitFileType = wrapper.application; includeInIndex = 0; path = AutoLaybout_Test_1.app; sourceTree = BUILT_PRODUCTS_DIR; };
		AE387A7420721FFD00E66A20 /* AppDelegate.swift */ = {isa = PBXFileReference; lastKnownFileType = sourcecode.swift; path = AppDelegate.swift; sourceTree = "<group>"; };
		AE387A7620721FFD00E66A20 /* ViewController.swift */ = {isa = PBXFileReference; lastKnownFileType = sourcecode.swift; path = ViewController.swift; sourceTree = "<group>"; };
		AE387A7920721FFD00E66A20 /* Base */ = {isa = PBXFileReference; lastKnownFileType = file.storyboard; name = Base; path = Base.lproj/Main.storyboard; sourceTree = "<group>"; };
		AE387A7B20721FFD00E66A20 /* Assets.xcassets */ = {isa = PBXFileReference; lastKnownFileType = folder.assetcatalog; path = Assets.xcassets; sourceTree = "<group>"; };
		AE387A7E20721FFD00E66A20 /* Base */ = {isa = PBXFileReference; lastKnownFileType = file.storyboard; name = Base; path = Base.lproj/LaunchScreen.storyboard; sourceTree = "<group>"; };
		AE387A8020721FFD00E66A20 /* Info.plist */ = {isa = PBXFileReference; lastKnownFileType = text.plist.xml; path = Info.plist; sourceTree = "<group>"; };
/* End PBXFileReference section */

/* Begin PBXFrameworksBuildPhase section */
		AE387A6E20721FFD00E66A20 /* Frameworks */ = {
			isa = PBXFrameworksBuildPhase;
			buildActionMask = 2147483647;
			files = (
			);
			runOnlyForDeploymentPostprocessing = 0;
		};
/* End PBXFrameworksBuildPhase section */

/* Begin PBXGroup section */
		AE387A6820721FFD00E66A20 = {
			isa = PBXGroup;
			children = (
				AE387A7320721FFD00E66A20 /* AutoLaybout_Test_1 */,
				AE387A7220721FFD00E66A20 /* Products */,
			);
			sourceTree = "<group>";
		};
		AE387A7220721FFD00E66A20 /* Products */ = {
			isa = PBXGroup;
			children = (
				AE387A7120721FFD00E66A20 /* AutoLaybout_Test_1.app */,
			);
			name = Products;
			sourceTree = "<group>";
		};
		AE387A7320721FFD00E66A20 /* AutoLaybout_Test_1 */ = {
			isa = PBXGroup;
			children = (
				AE387A7420721FFD00E66A20 /* AppDelegate.swift */,
				AE387A7620721FFD00E66A20 /* ViewController.swift */,
				AE387A7820721FFD00E66A20 /* Main.storyboard */,
				AE387A7B20721FFD00E66A20 /* Assets.xcassets */,
				AE387A7D20721FFD00E66A20 /* LaunchScreen.storyboard */,
				AE387A8020721FFD00E66A20 /* Info.plist */,
			);
			path = AutoLaybout_Test_1;
			sourceTree = "<group>";
		};
/* End PBXGroup section */

/* Begin PBXNativeTarget section */
		AE387A7020721FFD00E66A20 /* AutoLaybout_Test_1 */ = {
			isa = PBXNativeTarget;
			buildConfigurationList = AE387A8320721FFD00E66A20 /* Build configuration list for PBXNativeTarget "AutoLaybout_Test_1" */;
			buildPhases = (
				AE387A6D20721FFD00E66A20 /* Sources */,
				AE387A6E20721FFD00E66A20 /* Frameworks */,
				AE387A6F20721FFD00E66A20 /* Resources */,
			);
			buildRules = (
			);
			dependencies = (
			);
			name = AutoLaybout_Test_1;
			productName = AutoLaybout_Test_1;
			productReference = AE387A7120721FFD00E66A20 /* AutoLaybout_Test_1.app */;
			productType = "com.apple.product-type.application";
		};
/* End PBXNativeTarget section */

/* Begin PBXProject section */
		AE387A6920721FFD00E66A20 /* Project object */ = {
			isa = PBXProject;
			attributes = {
				LastSwiftUpdateCheck = 0920;
				LastUpgradeCheck = 0920;
				ORGANIZATIONNAME = KakaoTocs;
				TargetAttributes = {
					AE387A7020721FFD00E66A20 = {
						CreatedOnToolsVersion = 9.2;
						ProvisioningStyle = Automatic;
					};
				};
			};
			buildConfigurationList = AE387A6C20721FFD00E66A20 /* Build configuration list for PBXProject "AutoLaybout_Test_1" */;
			compatibilityVersion = "Xcode 8.0";
			developmentRegion = en;
			hasScannedForEncodings = 0;
			knownRegions = (
				en,
				Base,
			);
			mainGroup = AE387A6820721FFD00E66A20;
			productRefGroup = AE387A7220721FFD00E66A20 /* Products */;
			projectDirPath = "";
			projectRoot = "";
			targets = (
				AE387A7020721FFD00E66A20 /* AutoLaybout_Test_1 */,
			);
		};
/* End PBXProject section */

/* Begin PBXResourcesBuildPhase section */
		AE387A6F20721FFD00E66A20 /* Resources */ = {
			isa = PBXResourcesBuildPhase;
			buildActionMask = 2147483647;
			files = (
				AE387A7F20721FFD00E66A20 /* LaunchScreen.storyboard in Resources */,
				AE387A7C20721FFD00E66A20 /* Assets.xcassets in Resources */,
				AE387A7A20721FFD00E66A20 /* Main.storyboard in Resources */,
			);
			runOnlyForDeploymentPostprocessing = 0;
		};
/* End PBXResourcesBuildPhase section */

/* Begin PBXSourcesBuildPhase section */
		AE387A6D20721FFD00E66A20 /* Sources */ = {
			isa = PBXSourcesBuildPhase;
			buildActionMask = 2147483647;
			files = (
				AE387A7720721FFD00E66A20 /* ViewController.swift in Sources */,
				AE387A7520721FFD00E66A20 /* AppDelegate.swift in Sources */,
			);
			runOnlyForDeploymentPostprocessing = 0;
		};
/* End PBXSourcesBuildPhase section */

/* Begin PBXVariantGroup section */
		AE387A7820721FFD00E66A20 /* Main.storyboard */ = {
			isa = PBXVariantGroup;
			children = (
				AE387A7920721FFD00E66A20 /* Base */,
			);
			name = Main.storyboard;
			sourceTree = "<group>";
		};
		AE387A7D20721FFD00E66A20 /* LaunchScreen.storyboard */ = {
			isa = PBXVariantGroup;
			children = (
				AE387A7E20721FFD00E66A20 /* Base */,
			);
			name = LaunchScreen.storyboard;
			sourceTree = "<group>";
		};
/* End PBXVariantGroup section */

/* Begin XCBuildConfiguration section */
		AE387A8120721FFD00E66A20 /* Debug */ = {
			isa = XCBuildConfiguration;
			buildSettings = {
				ALWAYS_SEARCH_USER_PATHS = NO;
				CLANG_ANALYZER_NONNULL = YES;
				CLANG_ANALYZER_NUMBER_OBJECT_CONVERSION = YES_AGGRESSIVE;
				CLANG_CXX_LANGUAGE_STANDARD = "gnu++14";
				CLANG_CXX_LIBRARY = "libc++";
				CLANG_ENABLE_MODULES = YES;
				CLANG_ENABLE_OBJC_ARC = YES;
				CLANG_WARN_BLOCK_CAPTURE_AUTORELEASING = YES;
				CLANG_WARN_BOOL_CONVERSION = YES;
				CLANG_WARN_COMMA = YES;
				CLANG_WARN_CONSTANT_CONVERSION = YES;
				CLANG_WARN_DIRECT_OBJC_ISA_USAGE = YES_ERROR;
				CLANG_WARN_DOCUMENTATION_COMMENTS = YES;
				CLANG_WARN_EMPTY_BODY = YES;
				CLANG_WARN_ENUM_CONVERSION = YES;
				CLANG_WARN_INFINITE_RECURSION = YES;
				CLANG_WARN_INT_CONVERSION = YES;
				CLANG_WARN_NON_LITERAL_NULL_CONVERSION = YES;
				CLANG_WARN_OBJC_LITERAL_CONVERSION = YES;
				CLANG_WARN_OBJC_ROOT_CLASS = YES_ERROR;
				CLANG_WARN_RANGE_LOOP_ANALYSIS = YES;
				CLANG_WARN_STRICT_PROTOTYPES = YES;
				CLANG_WARN_SUSPICIOUS_MOVE = YES;
				CLANG_WARN_UNGUARDED_AVAILABILITY = YES_AGGRESSIVE;
				CLANG_WARN_UNREACHABLE_CODE = YES;
				CLANG_WARN__DUPLICATE_METHOD_MATCH = YES;
				CODE_SIGN_IDENTITY = "iPhone Developer";
				COPY_PHASE_STRIP = NO;
				DEBUG_INFORMATION_FORMAT = dwarf;
				ENABLE_STRICT_OBJC_MSGSEND = YES;
				ENABLE_TESTABILITY = YES;
				GCC_C_LANGUAGE_STANDARD = gnu11;
				GCC_DYNAMIC_NO_PIC = NO;
				GCC_NO_COMMON_BLOCKS = YES;
				GCC_OPTIMIZATION_LEVEL = 0;
				GCC_PREPROCESSOR_DEFINITIONS = (
					"DEBUG=1",
					"$(inherited)",
				);
				GCC_WARN_64_TO_32_BIT_CONVERSION = YES;
				GCC_WARN_ABOUT_RETURN_TYPE = YES_ERROR;
				GCC_WARN_UNDECLARED_SELECTOR = YES;
				GCC_WARN_UNINITIALIZED_AUTOS = YES_AGGRESSIVE;
				GCC_WARN_UNUSED_FUNCTION = YES;
				GCC_WARN_UNUSED_VARIABLE = YES;
				IPHONEOS_DEPLOYMENT_TARGET = 11.2;
				MTL_ENABLE_DEBUG_INFO = YES;
				ONLY_ACTIVE_ARCH = YES;
				SDKROOT = iphoneos;
				SWIFT_ACTIVE_COMPILATION_CONDITIONS = DEBUG;
				SWIFT_OPTIMIZATION_LEVEL = "-Onone";
			};
			name = Debug;
		};
		AE387A8220721FFD00E66A20 /* Release */ = {
			isa = XCBuildConfiguration;
			buildSettings = {
				ALWAYS_SEARCH_USER_PATHS = NO;
				CLANG_ANALYZER_NONNULL = YES;
				CLANG_ANALYZER_NUMBER_OBJECT_CONVERSION = YES_AGGRESSIVE;
				CLANG_CXX_LANGUAGE_STANDARD = "gnu++14";
				CLANG_CXX_LIBRARY = "libc++";
				CLANG_ENABLE_MODULES = YES;
				CLANG_ENABLE_OBJC_ARC = YES;
				CLANG_WARN_BLOCK_CAPTURE_AUTORELEASING = YES;
				CLANG_WARN_BOOL_CONVERSION = YES;
				CLANG_WARN_COMMA = YES;
				CLANG_WARN_CONSTANT_CONVERSION = YES;
				CLANG_WARN_DIRECT_OBJC_ISA_USAGE = YES_ERROR;
				CLANG_WARN_DOCUMENTATION_COMMENTS = YES;
				CLANG_WARN_EMPTY_BODY = YES;
				CLANG_WARN_ENUM_CONVERSION = YES;
				CLANG_WARN_INFINITE_RECURSION = YES;
				CLANG_WARN_INT_CONVERSION = YES;
				CLANG_WARN_NON_LITERAL_NULL_CONVERSION = YES;
				CLANG_WARN_OBJC_LITERAL_CONVERSION = YES;
				CLANG_WARN_OBJC_ROOT_CLASS = YES_ERROR;
				CLANG_WARN_RANGE_LOOP_ANALYSIS = YES;
				CLANG_WARN_STRICT_PROTOTYPES = YES;
				CLANG_WARN_SUSPICIOUS_MOVE = YES;
				CLANG_WARN_UNGUARDED_AVAILABILITY = YES_AGGRESSIVE;
				CLANG_WARN_UNREACHABLE_CODE = YES;
				CLANG_WARN__DUPLICATE_METHOD_MATCH = YES;
				CODE_SIGN_IDENTITY = "iPhone Developer";
				COPY_PHASE_STRIP = NO;
				DEBUG_INFORMATION_FORMAT = "dwarf-with-dsym";
				ENABLE_NS_ASSERTIONS = NO;
				ENABLE_STRICT_OBJC_MSGSEND = YES;
				GCC_C_LANGUAGE_STANDARD = gnu11;
				GCC_NO_COMMON_BLOCKS = YES;
				GCC_WARN_64_TO_32_BIT_CONVERSION = YES;
				GCC_WARN_ABOUT_RETURN_TYPE = YES_ERROR;
				GCC_WARN_UNDECLARED_SELECTOR = YES;
				GCC_WARN_UNINITIALIZED_AUTOS = YES_AGGRESSIVE;
				GCC_WARN_UNUSED_FUNCTION = YES;
				GCC_WARN_UNUSED_VARIABLE = YES;
				IPHONEOS_DEPLOYMENT_TARGET = 11.2;
				MTL_ENABLE_DEBUG_INFO = NO;
				SDKROOT = iphoneos;
				SWIFT_OPTIMIZATION_LEVEL = "-Owholemodule";
				VALIDATE_PRODUCT = YES;
			};
			name = Release;
		};
		AE387A8420721FFD00E66A20 /* Debug */ = {
			isa = XCBuildConfiguration;
			buildSettings = {
				ASSETCATALOG_COMPILER_APPICON_NAME = AppIcon;
				CODE_SIGN_STYLE = Automatic;
				DEVELOPMENT_TEAM = 5SS54HZR7B;
				INFOPLIST_FILE = AutoLaybout_Test_1/Info.plist;
				LD_RUNPATH_SEARCH_PATHS = "$(inherited) @executable_path/Frameworks";
				PRODUCT_BUNDLE_IDENTIFIER = "KakaoTocs.kr.AutoLaybout-Test-1";
				PRODUCT_NAME = "$(TARGET_NAME)";
				SWIFT_VERSION = 4.0;
				TARGETED_DEVICE_FAMILY = "1,2";
			};
			name = Debug;
		};
		AE387A8520721FFD00E66A20 /* Release */ = {
			isa = XCBuildConfiguration;
			buildSettings = {
				ASSETCATALOG_COMPILER_APPICON_NAME = AppIcon;
				CODE_SIGN_STYLE = Automatic;
				DEVELOPMENT_TEAM = 5SS54HZR7B;
				INFOPLIST_FILE = AutoLaybout_Test_1/Info.plist;
				LD_RUNPATH_SEARCH_PATHS = "$(inherited) @executable_path/Frameworks";
				PRODUCT_BUNDLE_IDENTIFIER = "KakaoTocs.kr.AutoLaybout-Test-1";
				PRODUCT_NAME = "$(TARGET_NAME)";
				SWIFT_VERSION = 4.0;
				TARGETED_DEVICE_FAMILY = "1,2";
			};
			name = Release;
		};
/* End XCBuildConfiguration section */

/* Begin XCConfigurationList section */
		AE387A6C20721FFD00E66A20 /* Build configuration list for PBXProject "AutoLaybout_Test_1" */ = {
			isa = XCConfigurationList;
			buildConfigurations = (
				AE387A8120721FFD00E66A20 /* Debug */,
				AE387A8220721FFD00E66A20 /* Release */,
			);
			defaultConfigurationIsVisible = 0;
			defaultConfigurationName = Release;
		};
		AE387A8320721FFD00E66A20 /* Build configuration list for PBXNativeTarget "AutoLaybout_Test_1" */ = {
			isa = XCConfigurationList;
			buildConfigurations = (
				AE387A8420721FFD00E66A20 /* Debug */,
				AE387A8520721FFD00E66A20 /* Release */,
			);
			defaultConfigurationIsVisible = 0;
			defaultConfigurationName = Release;
		};
/* End XCConfigurationList section */
	};
	rootObject = AE387A6920721FFD00E66A20 /* Project object */;
}
