// !$*UTF8*$!
{
	archiveVersion = 1;
	classes = {
	};
	objectVersion = 50;
	objects = {

/* Begin PBXBuildFile section */
		65FE393E221B001D002ADB56 /* AppDelegate.swift in Sources */ = {isa = PBXBuildFile; fileRef = 65FE393D221B001D002ADB56 /* AppDelegate.swift */; };
		65FE3940221B001D002ADB56 /* ViewController.swift in Sources */ = {isa = PBXBuildFile; fileRef = 65FE393F221B001D002ADB56 /* ViewController.swift */; };
		65FE3943221B001D002ADB56 /* Main.storyboard in Resources */ = {isa = PBXBuildFile; fileRef = 65FE3941221B001D002ADB56 /* Main.storyboard */; };
		65FE3945221B001E002ADB56 /* Assets.xcassets in Resources */ = {isa = PBXBuildFile; fileRef = 65FE3944221B001E002ADB56 /* Assets.xcassets */; };
		65FE3948221B001E002ADB56 /* LaunchScreen.storyboard in Resources */ = {isa = PBXBuildFile; fileRef = 65FE3946221B001E002ADB56 /* LaunchScreen.storyboard */; };
		65FE3952221B0108002ADB56 /* Icon3.png in Resources */ = {isa = PBXBuildFile; fileRef = 65FE394F221B0108002ADB56 /* Icon3.png */; };
		65FE3953221B0108002ADB56 /* Icon1.png in Resources */ = {isa = PBXBuildFile; fileRef = 65FE3950221B0108002ADB56 /* Icon1.png */; };
		65FE3954221B0108002ADB56 /* Icon2.png in Resources */ = {isa = PBXBuildFile; fileRef = 65FE3951221B0108002ADB56 /* Icon2.png */; };
/* End PBXBuildFile section */

/* Begin PBXFileReference section */
		65FE393A221B001D002ADB56 /* DynamicAppIcon.app */ = {isa = PBXFileReference; explicitFileType = wrapper.application; includeInIndex = 0; path = DynamicAppIcon.app; sourceTree = BUILT_PRODUCTS_DIR; };
		65FE393D221B001D002ADB56 /* AppDelegate.swift */ = {isa = PBXFileReference; lastKnownFileType = sourcecode.swift; path = AppDelegate.swift; sourceTree = "<group>"; };
		65FE393F221B001D002ADB56 /* ViewController.swift */ = {isa = PBXFileReference; lastKnownFileType = sourcecode.swift; path = ViewController.swift; sourceTree = "<group>"; };
		65FE3942221B001D002ADB56 /* Base */ = {isa = PBXFileReference; lastKnownFileType = file.storyboard; name = Base; path = Base.lproj/Main.storyboard; sourceTree = "<group>"; };
		65FE3944221B001E002ADB56 /* Assets.xcassets */ = {isa = PBXFileReference; lastKnownFileType = folder.assetcatalog; path = Assets.xcassets; sourceTree = "<group>"; };
		65FE3947221B001E002ADB56 /* Base */ = {isa = PBXFileReference; lastKnownFileType = file.storyboard; name = Base; path = Base.lproj/LaunchScreen.storyboard; sourceTree = "<group>"; };
		65FE3949221B001E002ADB56 /* Info.plist */ = {isa = PBXFileReference; lastKnownFileType = text.plist.xml; path = Info.plist; sourceTree = "<group>"; };
		65FE394F221B0108002ADB56 /* Icon3.png */ = {isa = PBXFileReference; lastKnownFileType = image.png; path = Icon3.png; sourceTree = "<group>"; };
		65FE3950221B0108002ADB56 /* Icon1.png */ = {isa = PBXFileReference; lastKnownFileType = image.png; path = Icon1.png; sourceTree = "<group>"; };
		65FE3951221B0108002ADB56 /* Icon2.png */ = {isa = PBXFileReference; lastKnownFileType = image.png; path = Icon2.png; sourceTree = "<group>"; };
/* End PBXFileReference section */

/* Begin PBXFrameworksBuildPhase section */
		65FE3937221B001D002ADB56 /* Frameworks */ = {
			isa = PBXFrameworksBuildPhase;
			buildActionMask = 2147483647;
			files = (
			);
			runOnlyForDeploymentPostprocessing = 0;
		};
/* End PBXFrameworksBuildPhase section */

/* Begin PBXGroup section */
		65FE3931221B001D002ADB56 = {
			isa = PBXGroup;
			children = (
				65FE393C221B001D002ADB56 /* DynamicAppIcon */,
				65FE393B221B001D002ADB56 /* Products */,
			);
			sourceTree = "<group>";
		};
		65FE393B221B001D002ADB56 /* Products */ = {
			isa = PBXGroup;
			children = (
				65FE393A221B001D002ADB56 /* DynamicAppIcon.app */,
			);
			name = Products;
			sourceTree = "<group>";
		};
		65FE393C221B001D002ADB56 /* DynamicAppIcon */ = {
			isa = PBXGroup;
			children = (
				65FE3950221B0108002ADB56 /* Icon1.png */,
				65FE3951221B0108002ADB56 /* Icon2.png */,
				65FE394F221B0108002ADB56 /* Icon3.png */,
				65FE393D221B001D002ADB56 /* AppDelegate.swift */,
				65FE393F221B001D002ADB56 /* ViewController.swift */,
				65FE3941221B001D002ADB56 /* Main.storyboard */,
				65FE3944221B001E002ADB56 /* Assets.xcassets */,
				65FE3946221B001E002ADB56 /* LaunchScreen.storyboard */,
				65FE3949221B001E002ADB56 /* Info.plist */,
			);
			path = DynamicAppIcon;
			sourceTree = "<group>";
		};
/* End PBXGroup section */

/* Begin PBXNativeTarget section */
		65FE3939221B001D002ADB56 /* DynamicAppIcon */ = {
			isa = PBXNativeTarget;
			buildConfigurationList = 65FE394C221B001E002ADB56 /* Build configuration list for PBXNativeTarget "DynamicAppIcon" */;
			buildPhases = (
				65FE3936221B001D002ADB56 /* Sources */,
				65FE3937221B001D002ADB56 /* Frameworks */,
				65FE3938221B001D002ADB56 /* Resources */,
			);
			buildRules = (
			);
			dependencies = (
			);
			name = DynamicAppIcon;
			productName = DynamicAppIcon;
			productReference = 65FE393A221B001D002ADB56 /* DynamicAppIcon.app */;
			productType = "com.apple.product-type.application";
		};
/* End PBXNativeTarget section */

/* Begin PBXProject section */
		65FE3932221B001D002ADB56 /* Project object */ = {
			isa = PBXProject;
			attributes = {
				LastSwiftUpdateCheck = 1010;
				LastUpgradeCheck = 1010;
				ORGANIZATIONNAME = com.kakaotocs;
				TargetAttributes = {
					65FE3939221B001D002ADB56 = {
						CreatedOnToolsVersion = 10.1;
					};
				};
			};
			buildConfigurationList = 65FE3935221B001D002ADB56 /* Build configuration list for PBXProject "DynamicAppIcon" */;
			compatibilityVersion = "Xcode 9.3";
			developmentRegion = en;
			hasScannedForEncodings = 0;
			knownRegions = (
				en,
				Base,
			);
			mainGroup = 65FE3931221B001D002ADB56;
			productRefGroup = 65FE393B221B001D002ADB56 /* Products */;
			projectDirPath = "";
			projectRoot = "";
			targets = (
				65FE3939221B001D002ADB56 /* DynamicAppIcon */,
			);
		};
/* End PBXProject section */

/* Begin PBXResourcesBuildPhase section */
		65FE3938221B001D002ADB56 /* Resources */ = {
			isa = PBXResourcesBuildPhase;
			buildActionMask = 2147483647;
			files = (
				65FE3953221B0108002ADB56 /* Icon1.png in Resources */,
				65FE3952221B0108002ADB56 /* Icon3.png in Resources */,
				65FE3948221B001E002ADB56 /* LaunchScreen.storyboard in Resources */,
				65FE3954221B0108002ADB56 /* Icon2.png in Resources */,
				65FE3945221B001E002ADB56 /* Assets.xcassets in Resources */,
				65FE3943221B001D002ADB56 /* Main.storyboard in Resources */,
			);
			runOnlyForDeploymentPostprocessing = 0;
		};
/* End PBXResourcesBuildPhase section */

/* Begin PBXSourcesBuildPhase section */
		65FE3936221B001D002ADB56 /* Sources */ = {
			isa = PBXSourcesBuildPhase;
			buildActionMask = 2147483647;
			files = (
				65FE3940221B001D002ADB56 /* ViewController.swift in Sources */,
				65FE393E221B001D002ADB56 /* AppDelegate.swift in Sources */,
			);
			runOnlyForDeploymentPostprocessing = 0;
		};
/* End PBXSourcesBuildPhase section */

/* Begin PBXVariantGroup section */
		65FE3941221B001D002ADB56 /* Main.storyboard */ = {
			isa = PBXVariantGroup;
			children = (
				65FE3942221B001D002ADB56 /* Base */,
			);
			name = Main.storyboard;
			sourceTree = "<group>";
		};
		65FE3946221B001E002ADB56 /* LaunchScreen.storyboard */ = {
			isa = PBXVariantGroup;
			children = (
				65FE3947221B001E002ADB56 /* Base */,
			);
			name = LaunchScreen.storyboard;
			sourceTree = "<group>";
		};
/* End PBXVariantGroup section */

/* Begin XCBuildConfiguration section */
		65FE394A221B001E002ADB56 /* Debug */ = {
			isa = XCBuildConfiguration;
			buildSettings = {
				ALWAYS_SEARCH_USER_PATHS = NO;
				CLANG_ANALYZER_NONNULL = YES;
				CLANG_ANALYZER_NUMBER_OBJECT_CONVERSION = YES_AGGRESSIVE;
				CLANG_CXX_LANGUAGE_STANDARD = "gnu++14";
				CLANG_CXX_LIBRARY = "libc++";
				CLANG_ENABLE_MODULES = YES;
				CLANG_ENABLE_OBJC_ARC = YES;
				CLANG_ENABLE_OBJC_WEAK = YES;
				CLANG_WARN_BLOCK_CAPTURE_AUTORELEASING = YES;
				CLANG_WARN_BOOL_CONVERSION = YES;
				CLANG_WARN_COMMA = YES;
				CLANG_WARN_CONSTANT_CONVERSION = YES;
				CLANG_WARN_DEPRECATED_OBJC_IMPLEMENTATIONS = YES;
				CLANG_WARN_DIRECT_OBJC_ISA_USAGE = YES_ERROR;
				CLANG_WARN_DOCUMENTATION_COMMENTS = YES;
				CLANG_WARN_EMPTY_BODY = YES;
				CLANG_WARN_ENUM_CONVERSION = YES;
				CLANG_WARN_INFINITE_RECURSION = YES;
				CLANG_WARN_INT_CONVERSION = YES;
				CLANG_WARN_NON_LITERAL_NULL_CONVERSION = YES;
				CLANG_WARN_OBJC_IMPLICIT_RETAIN_SELF = YES;
				CLANG_WARN_OBJC_LITERAL_CONVERSION = YES;
				CLANG_WARN_OBJC_ROOT_CLASS = YES_ERROR;
				CLANG_WARN_RANGE_LOOP_ANALYSIS = YES;
				CLANG_WARN_STRICT_PROTOTYPES = YES;
				CLANG_WARN_SUSPICIOUS_MOVE = YES;
				CLANG_WARN_UNGUARDED_AVAILABILITY = YES_AGGRESSIVE;
				CLANG_WARN_UNREACHABLE_CODE = YES;
				CLANG_WARN__DUPLICATE_METHOD_MATCH = YES;
				CODE_SIGN_IDENTITY = "iPhone Developer";
				COPY_PHASE_STRIP = NO;
				DEBUG_INFORMATION_FORMAT = dwarf;
				ENABLE_STRICT_OBJC_MSGSEND = YES;
				ENABLE_TESTABILITY = YES;
				GCC_C_LANGUAGE_STANDARD = gnu11;
				GCC_DYNAMIC_NO_PIC = NO;
				GCC_NO_COMMON_BLOCKS = YES;
				GCC_OPTIMIZATION_LEVEL = 0;
				GCC_PREPROCESSOR_DEFINITIONS = (
					"DEBUG=1",
					"$(inherited)",
				);
				GCC_WARN_64_TO_32_BIT_CONVERSION = YES;
				GCC_WARN_ABOUT_RETURN_TYPE = YES_ERROR;
				GCC_WARN_UNDECLARED_SELECTOR = YES;
				GCC_WARN_UNINITIALIZED_AUTOS = YES_AGGRESSIVE;
				GCC_WARN_UNUSED_FUNCTION = YES;
				GCC_WARN_UNUSED_VARIABLE = YES;
				IPHONEOS_DEPLOYMENT_TARGET = 12.1;
				MTL_ENABLE_DEBUG_INFO = INCLUDE_SOURCE;
				MTL_FAST_MATH = YES;
				ONLY_ACTIVE_ARCH = YES;
				SDKROOT = iphoneos;
				SWIFT_ACTIVE_COMPILATION_CONDITIONS = DEBUG;
				SWIFT_OPTIMIZATION_LEVEL = "-Onone";
			};
			name = Debug;
		};
		65FE394B221B001E002ADB56 /* Release */ = {
			isa = XCBuildConfiguration;
			buildSettings = {
				ALWAYS_SEARCH_USER_PATHS = NO;
				CLANG_ANALYZER_NONNULL = YES;
				CLANG_ANALYZER_NUMBER_OBJECT_CONVERSION = YES_AGGRESSIVE;
				CLANG_CXX_LANGUAGE_STANDARD = "gnu++14";
				CLANG_CXX_LIBRARY = "libc++";
				CLANG_ENABLE_MODULES = YES;
				CLANG_ENABLE_OBJC_ARC = YES;
				CLANG_ENABLE_OBJC_WEAK = YES;
				CLANG_WARN_BLOCK_CAPTURE_AUTORELEASING = YES;
				CLANG_WARN_BOOL_CONVERSION = YES;
				CLANG_WARN_COMMA = YES;
				CLANG_WARN_CONSTANT_CONVERSION = YES;
				CLANG_WARN_DEPRECATED_OBJC_IMPLEMENTATIONS = YES;
				CLANG_WARN_DIRECT_OBJC_ISA_USAGE = YES_ERROR;
				CLANG_WARN_DOCUMENTATION_COMMENTS = YES;
				CLANG_WARN_EMPTY_BODY = YES;
				CLANG_WARN_ENUM_CONVERSION = YES;
				CLANG_WARN_INFINITE_RECURSION = YES;
				CLANG_WARN_INT_CONVERSION = YES;
				CLANG_WARN_NON_LITERAL_NULL_CONVERSION = YES;
				CLANG_WARN_OBJC_IMPLICIT_RETAIN_SELF = YES;
				CLANG_WARN_OBJC_LITERAL_CONVERSION = YES;
				CLANG_WARN_OBJC_ROOT_CLASS = YES_ERROR;
				CLANG_WARN_RANGE_LOOP_ANALYSIS = YES;
				CLANG_WARN_STRICT_PROTOTYPES = YES;
				CLANG_WARN_SUSPICIOUS_MOVE = YES;
				CLANG_WARN_UNGUARDED_AVAILABILITY = YES_AGGRESSIVE;
				CLANG_WARN_UNREACHABLE_CODE = YES;
				CLANG_WARN__DUPLICATE_METHOD_MATCH = YES;
				CODE_SIGN_IDENTITY = "iPhone Developer";
				COPY_PHASE_STRIP = NO;
				DEBUG_INFORMATION_FORMAT = "dwarf-with-dsym";
				ENABLE_NS_ASSERTIONS = NO;
				ENABLE_STRICT_OBJC_MSGSEND = YES;
				GCC_C_LANGUAGE_STANDARD = gnu11;
				GCC_NO_COMMON_BLOCKS = YES;
				GCC_WARN_64_TO_32_BIT_CONVERSION = YES;
				GCC_WARN_ABOUT_RETURN_TYPE = YES_ERROR;
				GCC_WARN_UNDECLARED_SELECTOR = YES;
				GCC_WARN_UNINITIALIZED_AUTOS = YES_AGGRESSIVE;
				GCC_WARN_UNUSED_FUNCTION = YES;
				GCC_WARN_UNUSED_VARIABLE = YES;
				IPHONEOS_DEPLOYMENT_TARGET = 12.1;
				MTL_ENABLE_DEBUG_INFO = NO;
				MTL_FAST_MATH = YES;
				SDKROOT = iphoneos;
				SWIFT_COMPILATION_MODE = wholemodule;
				SWIFT_OPTIMIZATION_LEVEL = "-O";
				VALIDATE_PRODUCT = YES;
			};
			name = Release;
		};
		65FE394D221B001E002ADB56 /* Debug */ = {
			isa = XCBuildConfiguration;
			buildSettings = {
				ASSETCATALOG_COMPILER_APPICON_NAME = AppIcon;
				CODE_SIGN_STYLE = Automatic;
				DEVELOPMENT_TEAM = P7PUGAUP8K;
				INFOPLIST_FILE = DynamicAppIcon/Info.plist;
				LD_RUNPATH_SEARCH_PATHS = (
					"$(inherited)",
					"@executable_path/Frameworks",
				);
				PRODUCT_BUNDLE_IDENTIFIER = com.kakaotocs.DynamicAppIcon;
				PRODUCT_NAME = "$(TARGET_NAME)";
				SWIFT_VERSION = 4.2;
				TARGETED_DEVICE_FAMILY = "1,2";
			};
			name = Debug;
		};
		65FE394E221B001E002ADB56 /* Release */ = {
			isa = XCBuildConfiguration;
			buildSettings = {
				ASSETCATALOG_COMPILER_APPICON_NAME = AppIcon;
				CODE_SIGN_STYLE = Automatic;
				DEVELOPMENT_TEAM = P7PUGAUP8K;
				INFOPLIST_FILE = DynamicAppIcon/Info.plist;
				LD_RUNPATH_SEARCH_PATHS = (
					"$(inherited)",
					"@executable_path/Frameworks",
				);
				PRODUCT_BUNDLE_IDENTIFIER = com.kakaotocs.DynamicAppIcon;
				PRODUCT_NAME = "$(TARGET_NAME)";
				SWIFT_VERSION = 4.2;
				TARGETED_DEVICE_FAMILY = "1,2";
			};
			name = Release;
		};
/* End XCBuildConfiguration section */

/* Begin XCConfigurationList section */
		65FE3935221B001D002ADB56 /* Build configuration list for PBXProject "DynamicAppIcon" */ = {
			isa = XCConfigurationList;
			buildConfigurations = (
				65FE394A221B001E002ADB56 /* Debug */,
				65FE394B221B001E002ADB56 /* Release */,
			);
			defaultConfigurationIsVisible = 0;
			defaultConfigurationName = Release;
		};
		65FE394C221B001E002ADB56 /* Build configuration list for PBXNativeTarget "DynamicAppIcon" */ = {
			isa = XCConfigurationList;
			buildConfigurations = (
				65FE394D221B001E002ADB56 /* Debug */,
				65FE394E221B001E002ADB56 /* Release */,
			);
			defaultConfigurationIsVisible = 0;
			defaultConfigurationName = Release;
		};
/* End XCConfigurationList section */
	};
	rootObject = 65FE3932221B001D002ADB56 /* Project object */;
}
